
Microsoft Visual Studio Solution File, Format Version 12.00
# Visual Studio Version 17
VisualStudioVersion = 17.3.32825.248
MinimumVisualStudioVersion = 10.0.40219.1
Project("{FAE04EC0-301F-11D3-BF4B-00C04F79EFBC}") = "001_HelloWorld", "001_HelloWorld\001_HelloWorld.csproj", "{269BD1FB-C6CE-4D01-892B-21AE50CB4699}"
EndProject
Project("{FAE04EC0-301F-11D3-BF4B-00C04F79EFBC}") = "002_HelloWorld2", "002_HelloWorld2\002_HelloWorld2.csproj", "{DB6A3005-AA48-4458-984B-D8EAB01B3427}"
EndProject
Project("{FAE04EC0-301F-11D3-BF4B-00C04F79EFBC}") = "003_HelloWorld3", "003_HelloWorld3\003_HelloWorld3.csproj", "{FB96CF47-0FA0-4136-AB11-07A2F8FF8BFF}"
EndProject
Project("{FAE04EC0-301F-11D3-BF4B-00C04F79EFBC}") = "004_Check", "004_Check\004_Check.csproj", "{6812AAE0-0D14-45A5-8902-76CA79142D72}"
EndProject
Project("{FAE04EC0-301F-11D3-BF4B-00C04F79EFBC}") = "005_Check", "005_Check\005_Check.csproj", "{B517B200-9233-4161-A21E-D24BD2B8E64C}"
EndProject
Project("{FAE04EC0-301F-11D3-BF4B-00C04F79EFBC}") = "006_Variable", "006_Variable\006_Variable.csproj", "{91F313B9-ED38-4C3B-A34D-015C568766E8}"
EndProject
Project("{FAE04EC0-301F-11D3-BF4B-00C04F79EFBC}") = "007_Variable2", "007_Variable2\007_Variable2.csproj", "{0B4B5F6D-92AB-450B-8638-30D8D8A3C528}"
EndProject
Project("{FAE04EC0-301F-11D3-BF4B-00C04F79EFBC}") = "008_Data1", "008_Data1\008_Data1.csproj", "{B68C6D82-C369-4017-B82A-ABD4384D58F4}"
EndProject
Project("{FAE04EC0-301F-11D3-BF4B-00C04F79EFBC}") = "009_Data2", "009_Data2\009_Data2.csproj", "{7EAA0B65-F19F-49E8-B433-2FD70FC1921E}"
EndProject
Project("{FAE04EC0-301F-11D3-BF4B-00C04F79EFBC}") = "010_Data3", "010_Data3\010_Data3.csproj", "{46C5ABFD-9FFA-48EB-B0EA-D14C06E89B1F}"
EndProject
Project("{FAE04EC0-301F-11D3-BF4B-00C04F79EFBC}") = "011_Data4", "011_Data4\011_Data4.csproj", "{66391568-3BA5-403C-ADF3-57E4114AE8EB}"
EndProject
Project("{FAE04EC0-301F-11D3-BF4B-00C04F79EFBC}") = "012_Data5", "012_Data5\012_Data5.csproj", "{F5194A92-15D3-4723-8721-9A71ACBB799C}"
EndProject
Project("{FAE04EC0-301F-11D3-BF4B-00C04F79EFBC}") = "013_Data5", "013_Data5\013_Data5.csproj", "{2A9DAD36-E303-4491-836B-B812D77AD75D}"
EndProject
Project("{FAE04EC0-301F-11D3-BF4B-00C04F79EFBC}") = "014_Data7", "014_Data7\014_Data7.csproj", "{4C1C5960-1825-41B1-9594-EB004275541D}"
EndProject
Project("{FAE04EC0-301F-11D3-BF4B-00C04F79EFBC}") = "015_Data8", "015_Data8\015_Data8.csproj", "{435BAEB5-233B-4EA3-BC75-A23B89E982A2}"
EndProject
Project("{FAE04EC0-301F-11D3-BF4B-00C04F79EFBC}") = "016_String", "016_String\016_String.csproj", "{F16CE581-1C60-441E-8D2F-0EBE4B78D4AA}"
EndProject
Project("{FAE04EC0-301F-11D3-BF4B-00C04F79EFBC}") = "017_Data_bool", "017_Data_bool\017_Data_bool.csproj", "{4398033A-DC6B-4D65-A4F9-7426FDD56CDE}"
EndProject
Project("{FAE04EC0-301F-11D3-BF4B-00C04F79EFBC}") = "018_Data_object", "018_Data_object\018_Data_object.csproj", "{138071CE-EAB3-418B-9669-A51DF78588D7}"
EndProject
Project("{FAE04EC0-301F-11D3-BF4B-00C04F79EFBC}") = "019_Data_enum", "019_Data_enum\019_Data_enum.csproj", "{8AFFE0F7-30E4-47E2-9179-DE0209E39886}"
EndProject
Project("{FAE04EC0-301F-11D3-BF4B-00C04F79EFBC}") = "020_Data_enum2", "020_Data_enum2\020_Data_enum2.csproj", "{B5EA0F5C-A160-49C0-BC85-0B7C5F3E2B1D}"
EndProject
Project("{FAE04EC0-301F-11D3-BF4B-00C04F79EFBC}") = "021_Date_nullable", "021_Date_nullable\021_Date_nullable.csproj", "{0DD88191-04C2-4C7F-95DA-A5F016EE2BD8}"
EndProject
Project("{FAE04EC0-301F-11D3-BF4B-00C04F79EFBC}") = "022_Date_var", "022_Date_var\022_Date_var.csproj", "{3FD73827-80BF-49B4-AF59-E645AE243A78}"
EndProject
Project("{FAE04EC0-301F-11D3-BF4B-00C04F79EFBC}") = "023_Data_const", "023_Data_const\023_Data_const.csproj", "{BF23186B-B972-4FF2-B60A-116B91294E6B}"
EndProject
Project("{FAE04EC0-301F-11D3-BF4B-00C04F79EFBC}") = "024_Data_cast", "024_Data_cast\024_Data_cast.csproj", "{A8C5063B-29A2-41DE-BD7C-956C29614FBE}"
EndProject
Project("{FAE04EC0-301F-11D3-BF4B-00C04F79EFBC}") = "025_Data_ToString", "025_Data_ToString\025_Data_ToString.csproj", "{C37AF1F0-7367-4F06-81DB-A361ADA4FF0B}"
EndProject
Project("{FAE04EC0-301F-11D3-BF4B-00C04F79EFBC}") = "026_Data_Parse", "026_Data_Parse\026_Data_Parse.csproj", "{83A8B21F-3E5F-4E6C-88A5-288A278D095F}"
EndProject
Project("{FAE04EC0-301F-11D3-BF4B-00C04F79EFBC}") = "027_Data_Convert", "027_Data_Convert\027_Data_Convert.csproj", "{5B67EE84-1067-4535-977E-B2B6D6DA3076}"
EndProject
Project("{FAE04EC0-301F-11D3-BF4B-00C04F79EFBC}") = "028_Data_reference", "028_Data_reference\028_Data_reference.csproj", "{CF370AD5-6F61-4506-BEA8-6E4D88830CE6}"
EndProject
Project("{FAE04EC0-301F-11D3-BF4B-00C04F79EFBC}") = "029_Data_boxing", "029_Data_boxing\029_Data_boxing.csproj", "{08819DC2-6D98-4F60-8169-1DBD8F5B0833}"
EndProject
Project("{FAE04EC0-301F-11D3-BF4B-00C04F79EFBC}") = "030_ReadLine", "030_ReadLine\030_ReadLine.csproj", "{214FFA84-9CB0-4367-BDB2-30A00DC14E96}"
EndProject
Project("{FAE04EC0-301F-11D3-BF4B-00C04F79EFBC}") = "031_ReadLine2", "031_ReadLine2\031_ReadLine2.csproj", "{014C0AAF-F97E-4AD5-810D-16C5AEC2B314}"
EndProject
Project("{FAE04EC0-301F-11D3-BF4B-00C04F79EFBC}") = "032_Check", "032_Check\032_Check.csproj", "{BC099CE5-458C-4473-9122-2769C860C686}"
EndProject
Project("{FAE04EC0-301F-11D3-BF4B-00C04F79EFBC}") = "033_Check", "033_Check\033_Check.csproj", "{82742CAA-5DED-45E4-BC36-5B23B39BD582}"
EndProject
Project("{FAE04EC0-301F-11D3-BF4B-00C04F79EFBC}") = "034_Operator1", "034_Operator1\034_Operator1.csproj", "{58298082-BE5E-4B19-AFC8-2E8C201B95FA}"
EndProject
Project("{FAE04EC0-301F-11D3-BF4B-00C04F79EFBC}") = "035_Operator2", "035_Operator2\035_Operator2.csproj", "{45E3C785-6836-411C-8E24-CBBFA7793705}"
EndProject
Project("{FAE04EC0-301F-11D3-BF4B-00C04F79EFBC}") = "036_Operator3", "036_Operator3\036_Operator3.csproj", "{A705DF53-0D7A-440A-88D1-9C74AB6B3C95}"
EndProject
Project("{FAE04EC0-301F-11D3-BF4B-00C04F79EFBC}") = "036_01_Operator3", "036_01_Operator3\036_01_Operator3.csproj", "{4B1D2DC7-4868-4046-B6EB-5EA8DA27FB72}"
EndProject
Project("{FAE04EC0-301F-11D3-BF4B-00C04F79EFBC}") = "037_Operator4", "037_Operator4\037_Operator4.csproj", "{FC12F1F6-51FF-4BAC-BAE5-3F80C015A834}"
EndProject
Project("{FAE04EC0-301F-11D3-BF4B-00C04F79EFBC}") = "038_Operator5", "038_Operator5\038_Operator5.csproj", "{7240CE6F-788C-408E-BD38-43535E70FE6E}"
EndProject
Project("{FAE04EC0-301F-11D3-BF4B-00C04F79EFBC}") = "039_Operator6", "039_Operator6\039_Operator6.csproj", "{2CC77618-06C1-4A8B-9595-2E881BC50F3D}"
EndProject
Project("{FAE04EC0-301F-11D3-BF4B-00C04F79EFBC}") = "040_Operator_Bit", "040_Operator_Bit\040_Operator_Bit.csproj", "{13A8E0E6-3895-4BEA-9D41-4472E026A1E8}"
EndProject
Project("{FAE04EC0-301F-11D3-BF4B-00C04F79EFBC}") = "041_Operator_null", "041_Operator_null\041_Operator_null.csproj", "{CBC4CEE3-4087-4AEE-AF9D-0DD935AA4D10}"
EndProject
Project("{FAE04EC0-301F-11D3-BF4B-00C04F79EFBC}") = "042_Operator_Branch", "042_Operator_Branch\042_Operator_Branch.csproj", "{D47E298F-CF24-4AFF-9570-CEED49D81136}"
EndProject
Project("{FAE04EC0-301F-11D3-BF4B-00C04F79EFBC}") = "043_Operator_Branch2", "043_Operator_Branch2\043_Operator_Branch2.csproj", "{E9EDB78F-B37E-4FAA-AE6D-7BB8F7E1CEFE}"
EndProject
Project("{FAE04EC0-301F-11D3-BF4B-00C04F79EFBC}") = "044_Operator_Branch3", "044_Operator_Branch3\044_Operator_Branch3.csproj", "{D7A7B46F-7B7D-4515-843E-6F0C66341983}"
EndProject
Project("{FAE04EC0-301F-11D3-BF4B-00C04F79EFBC}") = "045_Operator_switch", "045_Operator_switch\045_Operator_switch.csproj", "{FCF6D5E5-FF98-47AC-AF6B-3BABBFF2120C}"
EndProject
Project("{FAE04EC0-301F-11D3-BF4B-00C04F79EFBC}") = "046_Operator_switch", "046_Operator_switch\046_Operator_switch.csproj", "{79E8646F-9263-414A-B37F-F3723379182D}"
EndProject
Project("{FAE04EC0-301F-11D3-BF4B-00C04F79EFBC}") = "047_Operator_while", "047_Operator_while\047_Operator_while.csproj", "{AFDD9129-0671-443E-9F84-4592F03FA436}"
EndProject
Project("{FAE04EC0-301F-11D3-BF4B-00C04F79EFBC}") = "048_operator_do~while", "048_operator_do~while\048_operator_do~while.csproj", "{43B9184B-5161-4F9A-9E72-60878FF2A39D}"
EndProject
Project("{FAE04EC0-301F-11D3-BF4B-00C04F79EFBC}") = "049_Operator_for", "049_Operator_for\049_Operator_for.csproj", "{26C3FB73-DE6D-4443-882F-DF357A680846}"
EndProject
Project("{FAE04EC0-301F-11D3-BF4B-00C04F79EFBC}") = "050_Operator_for_for", "050_Operator_for_for\050_Operator_for_for.csproj", "{CA005E53-0DF2-4424-932D-43CF8F6577B4}"
EndProject
Project("{FAE04EC0-301F-11D3-BF4B-00C04F79EFBC}") = "051_Operator_while(true)", "051_Operator_while(true)\051_Operator_while(true).csproj", "{3981F7B6-B0E3-4063-B56E-F451ABF2BE96}"
EndProject
Project("{FAE04EC0-301F-11D3-BF4B-00C04F79EFBC}") = "052_Operator_break", "052_Operator_break\052_Operator_break.csproj", "{C3474D11-C912-4CA5-A1CD-01FA8E8B74AF}"
EndProject
Project("{FAE04EC0-301F-11D3-BF4B-00C04F79EFBC}") = "053_Operator_continue", "053_Operator_continue\053_Operator_continue.csproj", "{EC2A524D-B6EE-4198-AA5A-C73CC98D200D}"
EndProject
Project("{FAE04EC0-301F-11D3-BF4B-00C04F79EFBC}") = "054_Operator_goto", "054_Operator_goto\054_Operator_goto.csproj", "{E848AC8E-BB05-42EC-9082-7881855B334E}"
EndProject
Project("{FAE04EC0-301F-11D3-BF4B-00C04F79EFBC}") = "055_Check", "055_Check\055_Check.csproj", "{A476108E-BE32-4231-AF0C-503FB04B02C3}"
EndProject
Project("{FAE04EC0-301F-11D3-BF4B-00C04F79EFBC}") = "056_Check", "056_Check\056_Check.csproj", "{326D921B-E48D-422A-A36C-89B3E06E6138}"
EndProject
Project("{FAE04EC0-301F-11D3-BF4B-00C04F79EFBC}") = "057_Check", "057_Check\057_Check.csproj", "{91786897-3E90-44A9-B222-9C76FF4771E6}"
EndProject
Project("{FAE04EC0-301F-11D3-BF4B-00C04F79EFBC}") = "058_Func1", "058_Func1\058_Func1.csproj", "{E97B83A8-360F-4F13-AE45-79CD4EDA0E34}"
EndProject
Project("{FAE04EC0-301F-11D3-BF4B-00C04F79EFBC}") = "059_Func2", "059_Func2\059_Func2.csproj", "{61CD1662-2DE0-4336-98D6-D46527A53AE6}"
EndProject
Project("{FAE04EC0-301F-11D3-BF4B-00C04F79EFBC}") = "060_Func3", "060_Func3\060_Func3.csproj", "{AA8E615C-4D67-4B8F-B503-182CC09BAE2E}"
EndProject
Project("{FAE04EC0-301F-11D3-BF4B-00C04F79EFBC}") = "061_Func4", "061_Func4\061_Func4.csproj", "{49656ACD-6CCF-4224-8B37-852FA760C89D}"
EndProject
Project("{FAE04EC0-301F-11D3-BF4B-00C04F79EFBC}") = "062_FuncSwap", "062_FuncSwap\062_FuncSwap.csproj", "{643857DE-DC99-49E4-AA3C-466A57078052}"
EndProject
Project("{FAE04EC0-301F-11D3-BF4B-00C04F79EFBC}") = "063_Func_out", "063_Func_out\063_Func_out.csproj", "{3E3143DD-EA73-4C52-8C83-BC4EE4A93545}"
EndProject
Project("{FAE04EC0-301F-11D3-BF4B-00C04F79EFBC}") = "064_Func_default", "064_Func_default\064_Func_default.csproj", "{2C3D3DE3-CD1E-4AFC-A08A-B914FD8DECC9}"
EndProject
Project("{FAE04EC0-301F-11D3-BF4B-00C04F79EFBC}") = "065_Func_Overloading", "065_Func_Overloading\065_Func_Overloading.csproj", "{AA04BEEB-4B9C-4172-ADCC-B3DB87B237C8}"
EndProject
Project("{FAE04EC0-301F-11D3-BF4B-00C04F79EFBC}") = "066_Func_params", "066_Func_params\066_Func_params.csproj", "{09BB435B-F594-4F0D-A7BA-04580DEE2536}"
EndProject
Project("{FAE04EC0-301F-11D3-BF4B-00C04F79EFBC}") = "067_Check", "067_Check\067_Check.csproj", "{E8470BA6-E152-4A9E-AEAE-F2AEBD695F77}"
EndProject
Project("{FAE04EC0-301F-11D3-BF4B-00C04F79EFBC}") = "CheckPoint01", "CheckPoint01\CheckPoint01.csproj", "{9CA9E350-07AE-4968-B8E0-3183FEED21B5}"
EndProject
Project("{FAE04EC0-301F-11D3-BF4B-00C04F79EFBC}") = "CheckPoint02", "CheckPoint02\CheckPoint02.csproj", "{0716C1F5-F65C-4376-B6A6-22924209E342}"
EndProject
Project("{FAE04EC0-301F-11D3-BF4B-00C04F79EFBC}") = "068_Array_Init", "068_Array_Init\068_Array_Init.csproj", "{8A4C8AAF-6359-4AB0-BF96-CF7F7C1C9DE5}"
EndProject
Project("{FAE04EC0-301F-11D3-BF4B-00C04F79EFBC}") = "068_1_Array_Init2", "068_1_Array_Init2\068_1_Array_Init2.csproj", "{B3DF1FA0-A003-4280-B734-BA00C68C3150}"
EndProject
Project("{FAE04EC0-301F-11D3-BF4B-00C04F79EFBC}") = "069_Array_Multi", "069_Array_Multi\069_Array_Multi.csproj", "{ABF53002-20C3-483C-81EE-8AE9FAE131D6}"
EndProject
Project("{FAE04EC0-301F-11D3-BF4B-00C04F79EFBC}") = "070_Array_Multi2", "070_Array_Multi2\070_Array_Multi2.csproj", "{EAC44E6E-7A55-452D-AA4A-9E4A853AC20A}"
EndProject
Project("{FAE04EC0-301F-11D3-BF4B-00C04F79EFBC}") = "071_Array_Flex", "071_Array_Flex\071_Array_Flex.csproj", "{126F040C-C55F-4114-B079-1E13E1449DDA}"
EndProject
Project("{FAE04EC0-301F-11D3-BF4B-00C04F79EFBC}") = "072_Array_Func1", "072_Array_Func1\072_Array_Func1.csproj", "{8F50AF6F-30EA-4F0E-AD3E-305939192B1A}"
EndProject
Project("{FAE04EC0-301F-11D3-BF4B-00C04F79EFBC}") = "073_Array_Func2", "073_Array_Func2\073_Array_Func2.csproj", "{6243CBAE-C8AB-4E58-99E5-31AEC1F7DA6F}"
EndProject
Project("{FAE04EC0-301F-11D3-BF4B-00C04F79EFBC}") = "074_Array_Clear", "074_Array_Clear\074_Array_Clear.csproj", "{2C832746-1E87-4DDE-8C2C-69835C96DD28}"
EndProject
Project("{FAE04EC0-301F-11D3-BF4B-00C04F79EFBC}") = "CheckPoint03", "CheckPoint03\CheckPoint03.csproj", "{20F38626-C124-41FA-A4FC-00438FBB5152}"
EndProject
Project("{FAE04EC0-301F-11D3-BF4B-00C04F79EFBC}") = "075_Check", "075_Check\075_Check.csproj", "{1050D4B1-5648-4649-8BA3-BC08153C1306}"
EndProject
Project("{FAE04EC0-301F-11D3-BF4B-00C04F79EFBC}") = "076_Check", "076_Check\076_Check.csproj", "{6BE2EE35-058D-4C03-AEBF-B3A178EFE878}"
EndProject
Project("{FAE04EC0-301F-11D3-BF4B-00C04F79EFBC}") = "077_class", "077_class\077_class.csproj", "{FDB3E4FE-4FDE-42A2-AD0E-DCA4495E6583}"
EndProject
Project("{FAE04EC0-301F-11D3-BF4B-00C04F79EFBC}") = "078_Constructor", "078_Constructor\078_Constructor.csproj", "{40CBD8B6-4D39-4A2F-84DA-0AED45238AA1}"
EndProject
Project("{FAE04EC0-301F-11D3-BF4B-00C04F79EFBC}") = "079_this", "079_this\079_this.csproj", "{4D9A4689-8122-421C-9FFF-FF4E6937AAD8}"
EndProject
Project("{FAE04EC0-301F-11D3-BF4B-00C04F79EFBC}") = "080_static", "080_static\080_static.csproj", "{27885E76-071A-4D0C-B80C-68A5B273A96D}"
EndProject
Project("{FAE04EC0-301F-11D3-BF4B-00C04F79EFBC}") = "081_class_parameter", "081_class_parameter\081_class_parameter.csproj", "{CCEF2FD0-BF43-4C40-AD24-4D8C89EBC778}"
EndProject
Project("{FAE04EC0-301F-11D3-BF4B-00C04F79EFBC}") = "081_01_classInheritance", "081_01_classInheritance\081_01_classInheritance.csproj", "{95F03791-74BD-4598-8F0D-596DA263EB94}"
EndProject
Project("{FAE04EC0-301F-11D3-BF4B-00C04F79EFBC}") = "081_02_classInheritance", "081_02_classInheritance\081_02_classInheritance.csproj", "{55269E23-B07A-4E73-84B4-D0BEA0E0F3B9}"
EndProject
Project("{FAE04EC0-301F-11D3-BF4B-00C04F79EFBC}") = "081_03_class_base", "081_03_class_base\081_03_class_base.csproj", "{8F92639E-AE68-4D4A-AE28-D4E46AE4E540}"
EndProject
Project("{FAE04EC0-301F-11D3-BF4B-00C04F79EFBC}") = "082_as", "082_as\082_as.csproj", "{9858E4EB-4C62-4CB8-B21B-683ECC198D40}"
EndProject
Project("{FAE04EC0-301F-11D3-BF4B-00C04F79EFBC}") = "083_override", "083_override\083_override.csproj", "{9E7F19C1-59E7-41DD-90A1-CDF4A82DB240}"
EndProject
Project("{FAE04EC0-301F-11D3-BF4B-00C04F79EFBC}") = "084_override2", "084_override2\084_override2.csproj", "{A8186073-CA0D-4ECC-8961-C299F17C8E71}"
EndProject
Project("{FAE04EC0-301F-11D3-BF4B-00C04F79EFBC}") = "085_class_has_a", "085_class_has_a\085_class_has_a.csproj", "{57C6BF4F-9706-448F-93A9-C43F60C7C4AD}"
EndProject
Project("{FAE04EC0-301F-11D3-BF4B-00C04F79EFBC}") = "086_partial", "086_partial\086_partial.csproj", "{8CE77908-67EC-4546-A1D0-EC3DAA143AD7}"
EndProject
Project("{FAE04EC0-301F-11D3-BF4B-00C04F79EFBC}") = "087_extension", "087_extension\087_extension.csproj", "{E9F15031-181F-4A0B-AF55-7705AAFF031F}"
EndProject
Project("{FAE04EC0-301F-11D3-BF4B-00C04F79EFBC}") = "088_struct", "088_struct\088_struct.csproj", "{7D536C92-32A5-4625-A91B-ECBB3AB04153}"
EndProject
Project("{FAE04EC0-301F-11D3-BF4B-00C04F79EFBC}") = "089_interface", "089_interface\089_interface.csproj", "{1B22D43F-5E49-41DD-B134-D3862420F4AA}"
EndProject
Project("{FAE04EC0-301F-11D3-BF4B-00C04F79EFBC}") = "090_abstract", "090_abstract\090_abstract.csproj", "{7D34E1B0-2CC2-4DC2-ABD0-B2948C56629E}"
EndProject
Project("{FAE04EC0-301F-11D3-BF4B-00C04F79EFBC}") = "091_Property01", "091_Property01\091_Property01.csproj", "{27CA71EA-7362-4355-917B-1ED953C994A7}"
EndProject
Project("{FAE04EC0-301F-11D3-BF4B-00C04F79EFBC}") = "092_Property02", "092_Property02\092_Property02.csproj", "{40C26258-A86D-45A8-B26D-4574C9E34264}"
EndProject
Project("{FAE04EC0-301F-11D3-BF4B-00C04F79EFBC}") = "093_Check", "093_Check\093_Check.csproj", "{26CE345B-836F-4ACD-AF93-D5D91C9FD219}"
EndProject
Project("{FAE04EC0-301F-11D3-BF4B-00C04F79EFBC}") = "094_Check", "094_Check\094_Check.csproj", "{E76FCCAE-2489-4F7B-BD27-3013C45267A1}"
EndProject
Global
	GlobalSection(SolutionConfigurationPlatforms) = preSolution
		Debug|Any CPU = Debug|Any CPU
		Release|Any CPU = Release|Any CPU
	EndGlobalSection
	GlobalSection(ProjectConfigurationPlatforms) = postSolution
		{269BD1FB-C6CE-4D01-892B-21AE50CB4699}.Debug|Any CPU.ActiveCfg = Debug|Any CPU
		{269BD1FB-C6CE-4D01-892B-21AE50CB4699}.Debug|Any CPU.Build.0 = Debug|Any CPU
		{269BD1FB-C6CE-4D01-892B-21AE50CB4699}.Release|Any CPU.ActiveCfg = Release|Any CPU
		{269BD1FB-C6CE-4D01-892B-21AE50CB4699}.Release|Any CPU.Build.0 = Release|Any CPU
		{DB6A3005-AA48-4458-984B-D8EAB01B3427}.Debug|Any CPU.ActiveCfg = Debug|Any CPU
		{DB6A3005-AA48-4458-984B-D8EAB01B3427}.Debug|Any CPU.Build.0 = Debug|Any CPU
		{DB6A3005-AA48-4458-984B-D8EAB01B3427}.Release|Any CPU.ActiveCfg = Release|Any CPU
		{DB6A3005-AA48-4458-984B-D8EAB01B3427}.Release|Any CPU.Build.0 = Release|Any CPU
		{FB96CF47-0FA0-4136-AB11-07A2F8FF8BFF}.Debug|Any CPU.ActiveCfg = Debug|Any CPU
		{FB96CF47-0FA0-4136-AB11-07A2F8FF8BFF}.Debug|Any CPU.Build.0 = Debug|Any CPU
		{FB96CF47-0FA0-4136-AB11-07A2F8FF8BFF}.Release|Any CPU.ActiveCfg = Release|Any CPU
		{FB96CF47-0FA0-4136-AB11-07A2F8FF8BFF}.Release|Any CPU.Build.0 = Release|Any CPU
		{6812AAE0-0D14-45A5-8902-76CA79142D72}.Debug|Any CPU.ActiveCfg = Debug|Any CPU
		{6812AAE0-0D14-45A5-8902-76CA79142D72}.Debug|Any CPU.Build.0 = Debug|Any CPU
		{6812AAE0-0D14-45A5-8902-76CA79142D72}.Release|Any CPU.ActiveCfg = Release|Any CPU
		{6812AAE0-0D14-45A5-8902-76CA79142D72}.Release|Any CPU.Build.0 = Release|Any CPU
		{B517B200-9233-4161-A21E-D24BD2B8E64C}.Debug|Any CPU.ActiveCfg = Debug|Any CPU
		{B517B200-9233-4161-A21E-D24BD2B8E64C}.Debug|Any CPU.Build.0 = Debug|Any CPU
		{B517B200-9233-4161-A21E-D24BD2B8E64C}.Release|Any CPU.ActiveCfg = Release|Any CPU
		{B517B200-9233-4161-A21E-D24BD2B8E64C}.Release|Any CPU.Build.0 = Release|Any CPU
		{91F313B9-ED38-4C3B-A34D-015C568766E8}.Debug|Any CPU.ActiveCfg = Debug|Any CPU
		{91F313B9-ED38-4C3B-A34D-015C568766E8}.Debug|Any CPU.Build.0 = Debug|Any CPU
		{91F313B9-ED38-4C3B-A34D-015C568766E8}.Release|Any CPU.ActiveCfg = Release|Any CPU
		{91F313B9-ED38-4C3B-A34D-015C568766E8}.Release|Any CPU.Build.0 = Release|Any CPU
		{0B4B5F6D-92AB-450B-8638-30D8D8A3C528}.Debug|Any CPU.ActiveCfg = Debug|Any CPU
		{0B4B5F6D-92AB-450B-8638-30D8D8A3C528}.Debug|Any CPU.Build.0 = Debug|Any CPU
		{0B4B5F6D-92AB-450B-8638-30D8D8A3C528}.Release|Any CPU.ActiveCfg = Release|Any CPU
		{0B4B5F6D-92AB-450B-8638-30D8D8A3C528}.Release|Any CPU.Build.0 = Release|Any CPU
		{B68C6D82-C369-4017-B82A-ABD4384D58F4}.Debug|Any CPU.ActiveCfg = Debug|Any CPU
		{B68C6D82-C369-4017-B82A-ABD4384D58F4}.Debug|Any CPU.Build.0 = Debug|Any CPU
		{B68C6D82-C369-4017-B82A-ABD4384D58F4}.Release|Any CPU.ActiveCfg = Release|Any CPU
		{B68C6D82-C369-4017-B82A-ABD4384D58F4}.Release|Any CPU.Build.0 = Release|Any CPU
		{7EAA0B65-F19F-49E8-B433-2FD70FC1921E}.Debug|Any CPU.ActiveCfg = Debug|Any CPU
		{7EAA0B65-F19F-49E8-B433-2FD70FC1921E}.Debug|Any CPU.Build.0 = Debug|Any CPU
		{7EAA0B65-F19F-49E8-B433-2FD70FC1921E}.Release|Any CPU.ActiveCfg = Release|Any CPU
		{7EAA0B65-F19F-49E8-B433-2FD70FC1921E}.Release|Any CPU.Build.0 = Release|Any CPU
		{46C5ABFD-9FFA-48EB-B0EA-D14C06E89B1F}.Debug|Any CPU.ActiveCfg = Debug|Any CPU
		{46C5ABFD-9FFA-48EB-B0EA-D14C06E89B1F}.Debug|Any CPU.Build.0 = Debug|Any CPU
		{46C5ABFD-9FFA-48EB-B0EA-D14C06E89B1F}.Release|Any CPU.ActiveCfg = Release|Any CPU
		{46C5ABFD-9FFA-48EB-B0EA-D14C06E89B1F}.Release|Any CPU.Build.0 = Release|Any CPU
		{66391568-3BA5-403C-ADF3-57E4114AE8EB}.Debug|Any CPU.ActiveCfg = Debug|Any CPU
		{66391568-3BA5-403C-ADF3-57E4114AE8EB}.Debug|Any CPU.Build.0 = Debug|Any CPU
		{66391568-3BA5-403C-ADF3-57E4114AE8EB}.Release|Any CPU.ActiveCfg = Release|Any CPU
		{66391568-3BA5-403C-ADF3-57E4114AE8EB}.Release|Any CPU.Build.0 = Release|Any CPU
		{F5194A92-15D3-4723-8721-9A71ACBB799C}.Debug|Any CPU.ActiveCfg = Debug|Any CPU
		{F5194A92-15D3-4723-8721-9A71ACBB799C}.Debug|Any CPU.Build.0 = Debug|Any CPU
		{F5194A92-15D3-4723-8721-9A71ACBB799C}.Release|Any CPU.ActiveCfg = Release|Any CPU
		{F5194A92-15D3-4723-8721-9A71ACBB799C}.Release|Any CPU.Build.0 = Release|Any CPU
		{2A9DAD36-E303-4491-836B-B812D77AD75D}.Debug|Any CPU.ActiveCfg = Debug|Any CPU
		{2A9DAD36-E303-4491-836B-B812D77AD75D}.Debug|Any CPU.Build.0 = Debug|Any CPU
		{2A9DAD36-E303-4491-836B-B812D77AD75D}.Release|Any CPU.ActiveCfg = Release|Any CPU
		{2A9DAD36-E303-4491-836B-B812D77AD75D}.Release|Any CPU.Build.0 = Release|Any CPU
		{4C1C5960-1825-41B1-9594-EB004275541D}.Debug|Any CPU.ActiveCfg = Debug|Any CPU
		{4C1C5960-1825-41B1-9594-EB004275541D}.Debug|Any CPU.Build.0 = Debug|Any CPU
		{4C1C5960-1825-41B1-9594-EB004275541D}.Release|Any CPU.ActiveCfg = Release|Any CPU
		{4C1C5960-1825-41B1-9594-EB004275541D}.Release|Any CPU.Build.0 = Release|Any CPU
		{435BAEB5-233B-4EA3-BC75-A23B89E982A2}.Debug|Any CPU.ActiveCfg = Debug|Any CPU
		{435BAEB5-233B-4EA3-BC75-A23B89E982A2}.Debug|Any CPU.Build.0 = Debug|Any CPU
		{435BAEB5-233B-4EA3-BC75-A23B89E982A2}.Release|Any CPU.ActiveCfg = Release|Any CPU
		{435BAEB5-233B-4EA3-BC75-A23B89E982A2}.Release|Any CPU.Build.0 = Release|Any CPU
		{F16CE581-1C60-441E-8D2F-0EBE4B78D4AA}.Debug|Any CPU.ActiveCfg = Debug|Any CPU
		{F16CE581-1C60-441E-8D2F-0EBE4B78D4AA}.Debug|Any CPU.Build.0 = Debug|Any CPU
		{F16CE581-1C60-441E-8D2F-0EBE4B78D4AA}.Release|Any CPU.ActiveCfg = Release|Any CPU
		{F16CE581-1C60-441E-8D2F-0EBE4B78D4AA}.Release|Any CPU.Build.0 = Release|Any CPU
		{4398033A-DC6B-4D65-A4F9-7426FDD56CDE}.Debug|Any CPU.ActiveCfg = Debug|Any CPU
		{4398033A-DC6B-4D65-A4F9-7426FDD56CDE}.Debug|Any CPU.Build.0 = Debug|Any CPU
		{4398033A-DC6B-4D65-A4F9-7426FDD56CDE}.Release|Any CPU.ActiveCfg = Release|Any CPU
		{4398033A-DC6B-4D65-A4F9-7426FDD56CDE}.Release|Any CPU.Build.0 = Release|Any CPU
		{138071CE-EAB3-418B-9669-A51DF78588D7}.Debug|Any CPU.ActiveCfg = Debug|Any CPU
		{138071CE-EAB3-418B-9669-A51DF78588D7}.Debug|Any CPU.Build.0 = Debug|Any CPU
		{138071CE-EAB3-418B-9669-A51DF78588D7}.Release|Any CPU.ActiveCfg = Release|Any CPU
		{138071CE-EAB3-418B-9669-A51DF78588D7}.Release|Any CPU.Build.0 = Release|Any CPU
		{8AFFE0F7-30E4-47E2-9179-DE0209E39886}.Debug|Any CPU.ActiveCfg = Debug|Any CPU
		{8AFFE0F7-30E4-47E2-9179-DE0209E39886}.Debug|Any CPU.Build.0 = Debug|Any CPU
		{8AFFE0F7-30E4-47E2-9179-DE0209E39886}.Release|Any CPU.ActiveCfg = Release|Any CPU
		{8AFFE0F7-30E4-47E2-9179-DE0209E39886}.Release|Any CPU.Build.0 = Release|Any CPU
		{B5EA0F5C-A160-49C0-BC85-0B7C5F3E2B1D}.Debug|Any CPU.ActiveCfg = Debug|Any CPU
		{B5EA0F5C-A160-49C0-BC85-0B7C5F3E2B1D}.Debug|Any CPU.Build.0 = Debug|Any CPU
		{B5EA0F5C-A160-49C0-BC85-0B7C5F3E2B1D}.Release|Any CPU.ActiveCfg = Release|Any CPU
		{B5EA0F5C-A160-49C0-BC85-0B7C5F3E2B1D}.Release|Any CPU.Build.0 = Release|Any CPU
		{0DD88191-04C2-4C7F-95DA-A5F016EE2BD8}.Debug|Any CPU.ActiveCfg = Debug|Any CPU
		{0DD88191-04C2-4C7F-95DA-A5F016EE2BD8}.Debug|Any CPU.Build.0 = Debug|Any CPU
		{0DD88191-04C2-4C7F-95DA-A5F016EE2BD8}.Release|Any CPU.ActiveCfg = Release|Any CPU
		{0DD88191-04C2-4C7F-95DA-A5F016EE2BD8}.Release|Any CPU.Build.0 = Release|Any CPU
		{3FD73827-80BF-49B4-AF59-E645AE243A78}.Debug|Any CPU.ActiveCfg = Debug|Any CPU
		{3FD73827-80BF-49B4-AF59-E645AE243A78}.Debug|Any CPU.Build.0 = Debug|Any CPU
		{3FD73827-80BF-49B4-AF59-E645AE243A78}.Release|Any CPU.ActiveCfg = Release|Any CPU
		{3FD73827-80BF-49B4-AF59-E645AE243A78}.Release|Any CPU.Build.0 = Release|Any CPU
		{BF23186B-B972-4FF2-B60A-116B91294E6B}.Debug|Any CPU.ActiveCfg = Debug|Any CPU
		{BF23186B-B972-4FF2-B60A-116B91294E6B}.Debug|Any CPU.Build.0 = Debug|Any CPU
		{BF23186B-B972-4FF2-B60A-116B91294E6B}.Release|Any CPU.ActiveCfg = Release|Any CPU
		{BF23186B-B972-4FF2-B60A-116B91294E6B}.Release|Any CPU.Build.0 = Release|Any CPU
		{A8C5063B-29A2-41DE-BD7C-956C29614FBE}.Debug|Any CPU.ActiveCfg = Debug|Any CPU
		{A8C5063B-29A2-41DE-BD7C-956C29614FBE}.Debug|Any CPU.Build.0 = Debug|Any CPU
		{A8C5063B-29A2-41DE-BD7C-956C29614FBE}.Release|Any CPU.ActiveCfg = Release|Any CPU
		{A8C5063B-29A2-41DE-BD7C-956C29614FBE}.Release|Any CPU.Build.0 = Release|Any CPU
		{C37AF1F0-7367-4F06-81DB-A361ADA4FF0B}.Debug|Any CPU.ActiveCfg = Debug|Any CPU
		{C37AF1F0-7367-4F06-81DB-A361ADA4FF0B}.Debug|Any CPU.Build.0 = Debug|Any CPU
		{C37AF1F0-7367-4F06-81DB-A361ADA4FF0B}.Release|Any CPU.ActiveCfg = Release|Any CPU
		{C37AF1F0-7367-4F06-81DB-A361ADA4FF0B}.Release|Any CPU.Build.0 = Release|Any CPU
		{83A8B21F-3E5F-4E6C-88A5-288A278D095F}.Debug|Any CPU.ActiveCfg = Debug|Any CPU
		{83A8B21F-3E5F-4E6C-88A5-288A278D095F}.Debug|Any CPU.Build.0 = Debug|Any CPU
		{83A8B21F-3E5F-4E6C-88A5-288A278D095F}.Release|Any CPU.ActiveCfg = Release|Any CPU
		{83A8B21F-3E5F-4E6C-88A5-288A278D095F}.Release|Any CPU.Build.0 = Release|Any CPU
		{5B67EE84-1067-4535-977E-B2B6D6DA3076}.Debug|Any CPU.ActiveCfg = Debug|Any CPU
		{5B67EE84-1067-4535-977E-B2B6D6DA3076}.Debug|Any CPU.Build.0 = Debug|Any CPU
		{5B67EE84-1067-4535-977E-B2B6D6DA3076}.Release|Any CPU.ActiveCfg = Release|Any CPU
		{5B67EE84-1067-4535-977E-B2B6D6DA3076}.Release|Any CPU.Build.0 = Release|Any CPU
		{CF370AD5-6F61-4506-BEA8-6E4D88830CE6}.Debug|Any CPU.ActiveCfg = Debug|Any CPU
		{CF370AD5-6F61-4506-BEA8-6E4D88830CE6}.Debug|Any CPU.Build.0 = Debug|Any CPU
		{CF370AD5-6F61-4506-BEA8-6E4D88830CE6}.Release|Any CPU.ActiveCfg = Release|Any CPU
		{CF370AD5-6F61-4506-BEA8-6E4D88830CE6}.Release|Any CPU.Build.0 = Release|Any CPU
		{08819DC2-6D98-4F60-8169-1DBD8F5B0833}.Debug|Any CPU.ActiveCfg = Debug|Any CPU
		{08819DC2-6D98-4F60-8169-1DBD8F5B0833}.Debug|Any CPU.Build.0 = Debug|Any CPU
		{08819DC2-6D98-4F60-8169-1DBD8F5B0833}.Release|Any CPU.ActiveCfg = Release|Any CPU
		{08819DC2-6D98-4F60-8169-1DBD8F5B0833}.Release|Any CPU.Build.0 = Release|Any CPU
		{214FFA84-9CB0-4367-BDB2-30A00DC14E96}.Debug|Any CPU.ActiveCfg = Debug|Any CPU
		{214FFA84-9CB0-4367-BDB2-30A00DC14E96}.Debug|Any CPU.Build.0 = Debug|Any CPU
		{214FFA84-9CB0-4367-BDB2-30A00DC14E96}.Release|Any CPU.ActiveCfg = Release|Any CPU
		{214FFA84-9CB0-4367-BDB2-30A00DC14E96}.Release|Any CPU.Build.0 = Release|Any CPU
		{014C0AAF-F97E-4AD5-810D-16C5AEC2B314}.Debug|Any CPU.ActiveCfg = Debug|Any CPU
		{014C0AAF-F97E-4AD5-810D-16C5AEC2B314}.Debug|Any CPU.Build.0 = Debug|Any CPU
		{014C0AAF-F97E-4AD5-810D-16C5AEC2B314}.Release|Any CPU.ActiveCfg = Release|Any CPU
		{014C0AAF-F97E-4AD5-810D-16C5AEC2B314}.Release|Any CPU.Build.0 = Release|Any CPU
		{BC099CE5-458C-4473-9122-2769C860C686}.Debug|Any CPU.ActiveCfg = Debug|Any CPU
		{BC099CE5-458C-4473-9122-2769C860C686}.Debug|Any CPU.Build.0 = Debug|Any CPU
		{BC099CE5-458C-4473-9122-2769C860C686}.Release|Any CPU.ActiveCfg = Release|Any CPU
		{BC099CE5-458C-4473-9122-2769C860C686}.Release|Any CPU.Build.0 = Release|Any CPU
		{82742CAA-5DED-45E4-BC36-5B23B39BD582}.Debug|Any CPU.ActiveCfg = Debug|Any CPU
		{82742CAA-5DED-45E4-BC36-5B23B39BD582}.Debug|Any CPU.Build.0 = Debug|Any CPU
		{82742CAA-5DED-45E4-BC36-5B23B39BD582}.Release|Any CPU.ActiveCfg = Release|Any CPU
		{82742CAA-5DED-45E4-BC36-5B23B39BD582}.Release|Any CPU.Build.0 = Release|Any CPU
		{58298082-BE5E-4B19-AFC8-2E8C201B95FA}.Debug|Any CPU.ActiveCfg = Debug|Any CPU
		{58298082-BE5E-4B19-AFC8-2E8C201B95FA}.Debug|Any CPU.Build.0 = Debug|Any CPU
		{58298082-BE5E-4B19-AFC8-2E8C201B95FA}.Release|Any CPU.ActiveCfg = Release|Any CPU
		{58298082-BE5E-4B19-AFC8-2E8C201B95FA}.Release|Any CPU.Build.0 = Release|Any CPU
		{45E3C785-6836-411C-8E24-CBBFA7793705}.Debug|Any CPU.ActiveCfg = Debug|Any CPU
		{45E3C785-6836-411C-8E24-CBBFA7793705}.Debug|Any CPU.Build.0 = Debug|Any CPU
		{45E3C785-6836-411C-8E24-CBBFA7793705}.Release|Any CPU.ActiveCfg = Release|Any CPU
		{45E3C785-6836-411C-8E24-CBBFA7793705}.Release|Any CPU.Build.0 = Release|Any CPU
		{A705DF53-0D7A-440A-88D1-9C74AB6B3C95}.Debug|Any CPU.ActiveCfg = Debug|Any CPU
		{A705DF53-0D7A-440A-88D1-9C74AB6B3C95}.Debug|Any CPU.Build.0 = Debug|Any CPU
		{A705DF53-0D7A-440A-88D1-9C74AB6B3C95}.Release|Any CPU.ActiveCfg = Release|Any CPU
		{A705DF53-0D7A-440A-88D1-9C74AB6B3C95}.Release|Any CPU.Build.0 = Release|Any CPU
		{4B1D2DC7-4868-4046-B6EB-5EA8DA27FB72}.Debug|Any CPU.ActiveCfg = Debug|Any CPU
		{4B1D2DC7-4868-4046-B6EB-5EA8DA27FB72}.Debug|Any CPU.Build.0 = Debug|Any CPU
		{4B1D2DC7-4868-4046-B6EB-5EA8DA27FB72}.Release|Any CPU.ActiveCfg = Release|Any CPU
		{4B1D2DC7-4868-4046-B6EB-5EA8DA27FB72}.Release|Any CPU.Build.0 = Release|Any CPU
		{FC12F1F6-51FF-4BAC-BAE5-3F80C015A834}.Debug|Any CPU.ActiveCfg = Debug|Any CPU
		{FC12F1F6-51FF-4BAC-BAE5-3F80C015A834}.Debug|Any CPU.Build.0 = Debug|Any CPU
		{FC12F1F6-51FF-4BAC-BAE5-3F80C015A834}.Release|Any CPU.ActiveCfg = Release|Any CPU
		{FC12F1F6-51FF-4BAC-BAE5-3F80C015A834}.Release|Any CPU.Build.0 = Release|Any CPU
		{7240CE6F-788C-408E-BD38-43535E70FE6E}.Debug|Any CPU.ActiveCfg = Debug|Any CPU
		{7240CE6F-788C-408E-BD38-43535E70FE6E}.Debug|Any CPU.Build.0 = Debug|Any CPU
		{7240CE6F-788C-408E-BD38-43535E70FE6E}.Release|Any CPU.ActiveCfg = Release|Any CPU
		{7240CE6F-788C-408E-BD38-43535E70FE6E}.Release|Any CPU.Build.0 = Release|Any CPU
		{2CC77618-06C1-4A8B-9595-2E881BC50F3D}.Debug|Any CPU.ActiveCfg = Debug|Any CPU
		{2CC77618-06C1-4A8B-9595-2E881BC50F3D}.Debug|Any CPU.Build.0 = Debug|Any CPU
		{2CC77618-06C1-4A8B-9595-2E881BC50F3D}.Release|Any CPU.ActiveCfg = Release|Any CPU
		{2CC77618-06C1-4A8B-9595-2E881BC50F3D}.Release|Any CPU.Build.0 = Release|Any CPU
		{13A8E0E6-3895-4BEA-9D41-4472E026A1E8}.Debug|Any CPU.ActiveCfg = Debug|Any CPU
		{13A8E0E6-3895-4BEA-9D41-4472E026A1E8}.Debug|Any CPU.Build.0 = Debug|Any CPU
		{13A8E0E6-3895-4BEA-9D41-4472E026A1E8}.Release|Any CPU.ActiveCfg = Release|Any CPU
		{13A8E0E6-3895-4BEA-9D41-4472E026A1E8}.Release|Any CPU.Build.0 = Release|Any CPU
		{CBC4CEE3-4087-4AEE-AF9D-0DD935AA4D10}.Debug|Any CPU.ActiveCfg = Debug|Any CPU
		{CBC4CEE3-4087-4AEE-AF9D-0DD935AA4D10}.Debug|Any CPU.Build.0 = Debug|Any CPU
		{CBC4CEE3-4087-4AEE-AF9D-0DD935AA4D10}.Release|Any CPU.ActiveCfg = Release|Any CPU
		{CBC4CEE3-4087-4AEE-AF9D-0DD935AA4D10}.Release|Any CPU.Build.0 = Release|Any CPU
		{D47E298F-CF24-4AFF-9570-CEED49D81136}.Debug|Any CPU.ActiveCfg = Debug|Any CPU
		{D47E298F-CF24-4AFF-9570-CEED49D81136}.Debug|Any CPU.Build.0 = Debug|Any CPU
		{D47E298F-CF24-4AFF-9570-CEED49D81136}.Release|Any CPU.ActiveCfg = Release|Any CPU
		{D47E298F-CF24-4AFF-9570-CEED49D81136}.Release|Any CPU.Build.0 = Release|Any CPU
		{E9EDB78F-B37E-4FAA-AE6D-7BB8F7E1CEFE}.Debug|Any CPU.ActiveCfg = Debug|Any CPU
		{E9EDB78F-B37E-4FAA-AE6D-7BB8F7E1CEFE}.Debug|Any CPU.Build.0 = Debug|Any CPU
		{E9EDB78F-B37E-4FAA-AE6D-7BB8F7E1CEFE}.Release|Any CPU.ActiveCfg = Release|Any CPU
		{E9EDB78F-B37E-4FAA-AE6D-7BB8F7E1CEFE}.Release|Any CPU.Build.0 = Release|Any CPU
		{D7A7B46F-7B7D-4515-843E-6F0C66341983}.Debug|Any CPU.ActiveCfg = Debug|Any CPU
		{D7A7B46F-7B7D-4515-843E-6F0C66341983}.Debug|Any CPU.Build.0 = Debug|Any CPU
		{D7A7B46F-7B7D-4515-843E-6F0C66341983}.Release|Any CPU.ActiveCfg = Release|Any CPU
		{D7A7B46F-7B7D-4515-843E-6F0C66341983}.Release|Any CPU.Build.0 = Release|Any CPU
		{FCF6D5E5-FF98-47AC-AF6B-3BABBFF2120C}.Debug|Any CPU.ActiveCfg = Debug|Any CPU
		{FCF6D5E5-FF98-47AC-AF6B-3BABBFF2120C}.Debug|Any CPU.Build.0 = Debug|Any CPU
		{FCF6D5E5-FF98-47AC-AF6B-3BABBFF2120C}.Release|Any CPU.ActiveCfg = Release|Any CPU
		{FCF6D5E5-FF98-47AC-AF6B-3BABBFF2120C}.Release|Any CPU.Build.0 = Release|Any CPU
		{79E8646F-9263-414A-B37F-F3723379182D}.Debug|Any CPU.ActiveCfg = Debug|Any CPU
		{79E8646F-9263-414A-B37F-F3723379182D}.Debug|Any CPU.Build.0 = Debug|Any CPU
		{79E8646F-9263-414A-B37F-F3723379182D}.Release|Any CPU.ActiveCfg = Release|Any CPU
		{79E8646F-9263-414A-B37F-F3723379182D}.Release|Any CPU.Build.0 = Release|Any CPU
		{AFDD9129-0671-443E-9F84-4592F03FA436}.Debug|Any CPU.ActiveCfg = Debug|Any CPU
		{AFDD9129-0671-443E-9F84-4592F03FA436}.Debug|Any CPU.Build.0 = Debug|Any CPU
		{AFDD9129-0671-443E-9F84-4592F03FA436}.Release|Any CPU.ActiveCfg = Release|Any CPU
		{AFDD9129-0671-443E-9F84-4592F03FA436}.Release|Any CPU.Build.0 = Release|Any CPU
		{43B9184B-5161-4F9A-9E72-60878FF2A39D}.Debug|Any CPU.ActiveCfg = Debug|Any CPU
		{43B9184B-5161-4F9A-9E72-60878FF2A39D}.Debug|Any CPU.Build.0 = Debug|Any CPU
		{43B9184B-5161-4F9A-9E72-60878FF2A39D}.Release|Any CPU.ActiveCfg = Release|Any CPU
		{43B9184B-5161-4F9A-9E72-60878FF2A39D}.Release|Any CPU.Build.0 = Release|Any CPU
		{26C3FB73-DE6D-4443-882F-DF357A680846}.Debug|Any CPU.ActiveCfg = Debug|Any CPU
		{26C3FB73-DE6D-4443-882F-DF357A680846}.Debug|Any CPU.Build.0 = Debug|Any CPU
		{26C3FB73-DE6D-4443-882F-DF357A680846}.Release|Any CPU.ActiveCfg = Release|Any CPU
		{26C3FB73-DE6D-4443-882F-DF357A680846}.Release|Any CPU.Build.0 = Release|Any CPU
		{CA005E53-0DF2-4424-932D-43CF8F6577B4}.Debug|Any CPU.ActiveCfg = Debug|Any CPU
		{CA005E53-0DF2-4424-932D-43CF8F6577B4}.Debug|Any CPU.Build.0 = Debug|Any CPU
		{CA005E53-0DF2-4424-932D-43CF8F6577B4}.Release|Any CPU.ActiveCfg = Release|Any CPU
		{CA005E53-0DF2-4424-932D-43CF8F6577B4}.Release|Any CPU.Build.0 = Release|Any CPU
		{3981F7B6-B0E3-4063-B56E-F451ABF2BE96}.Debug|Any CPU.ActiveCfg = Debug|Any CPU
		{3981F7B6-B0E3-4063-B56E-F451ABF2BE96}.Debug|Any CPU.Build.0 = Debug|Any CPU
		{3981F7B6-B0E3-4063-B56E-F451ABF2BE96}.Release|Any CPU.ActiveCfg = Release|Any CPU
		{3981F7B6-B0E3-4063-B56E-F451ABF2BE96}.Release|Any CPU.Build.0 = Release|Any CPU
		{C3474D11-C912-4CA5-A1CD-01FA8E8B74AF}.Debug|Any CPU.ActiveCfg = Debug|Any CPU
		{C3474D11-C912-4CA5-A1CD-01FA8E8B74AF}.Debug|Any CPU.Build.0 = Debug|Any CPU
		{C3474D11-C912-4CA5-A1CD-01FA8E8B74AF}.Release|Any CPU.ActiveCfg = Release|Any CPU
		{C3474D11-C912-4CA5-A1CD-01FA8E8B74AF}.Release|Any CPU.Build.0 = Release|Any CPU
		{EC2A524D-B6EE-4198-AA5A-C73CC98D200D}.Debug|Any CPU.ActiveCfg = Debug|Any CPU
		{EC2A524D-B6EE-4198-AA5A-C73CC98D200D}.Debug|Any CPU.Build.0 = Debug|Any CPU
		{EC2A524D-B6EE-4198-AA5A-C73CC98D200D}.Release|Any CPU.ActiveCfg = Release|Any CPU
		{EC2A524D-B6EE-4198-AA5A-C73CC98D200D}.Release|Any CPU.Build.0 = Release|Any CPU
		{E848AC8E-BB05-42EC-9082-7881855B334E}.Debug|Any CPU.ActiveCfg = Debug|Any CPU
		{E848AC8E-BB05-42EC-9082-7881855B334E}.Debug|Any CPU.Build.0 = Debug|Any CPU
		{E848AC8E-BB05-42EC-9082-7881855B334E}.Release|Any CPU.ActiveCfg = Release|Any CPU
		{E848AC8E-BB05-42EC-9082-7881855B334E}.Release|Any CPU.Build.0 = Release|Any CPU
		{A476108E-BE32-4231-AF0C-503FB04B02C3}.Debug|Any CPU.ActiveCfg = Debug|Any CPU
		{A476108E-BE32-4231-AF0C-503FB04B02C3}.Debug|Any CPU.Build.0 = Debug|Any CPU
		{A476108E-BE32-4231-AF0C-503FB04B02C3}.Release|Any CPU.ActiveCfg = Release|Any CPU
		{A476108E-BE32-4231-AF0C-503FB04B02C3}.Release|Any CPU.Build.0 = Release|Any CPU
		{326D921B-E48D-422A-A36C-89B3E06E6138}.Debug|Any CPU.ActiveCfg = Debug|Any CPU
		{326D921B-E48D-422A-A36C-89B3E06E6138}.Debug|Any CPU.Build.0 = Debug|Any CPU
		{326D921B-E48D-422A-A36C-89B3E06E6138}.Release|Any CPU.ActiveCfg = Release|Any CPU
		{326D921B-E48D-422A-A36C-89B3E06E6138}.Release|Any CPU.Build.0 = Release|Any CPU
		{91786897-3E90-44A9-B222-9C76FF4771E6}.Debug|Any CPU.ActiveCfg = Debug|Any CPU
		{91786897-3E90-44A9-B222-9C76FF4771E6}.Debug|Any CPU.Build.0 = Debug|Any CPU
		{91786897-3E90-44A9-B222-9C76FF4771E6}.Release|Any CPU.ActiveCfg = Release|Any CPU
		{91786897-3E90-44A9-B222-9C76FF4771E6}.Release|Any CPU.Build.0 = Release|Any CPU
		{E97B83A8-360F-4F13-AE45-79CD4EDA0E34}.Debug|Any CPU.ActiveCfg = Debug|Any CPU
		{E97B83A8-360F-4F13-AE45-79CD4EDA0E34}.Debug|Any CPU.Build.0 = Debug|Any CPU
		{E97B83A8-360F-4F13-AE45-79CD4EDA0E34}.Release|Any CPU.ActiveCfg = Release|Any CPU
		{E97B83A8-360F-4F13-AE45-79CD4EDA0E34}.Release|Any CPU.Build.0 = Release|Any CPU
		{61CD1662-2DE0-4336-98D6-D46527A53AE6}.Debug|Any CPU.ActiveCfg = Debug|Any CPU
		{61CD1662-2DE0-4336-98D6-D46527A53AE6}.Debug|Any CPU.Build.0 = Debug|Any CPU
		{61CD1662-2DE0-4336-98D6-D46527A53AE6}.Release|Any CPU.ActiveCfg = Release|Any CPU
		{61CD1662-2DE0-4336-98D6-D46527A53AE6}.Release|Any CPU.Build.0 = Release|Any CPU
		{AA8E615C-4D67-4B8F-B503-182CC09BAE2E}.Debug|Any CPU.ActiveCfg = Debug|Any CPU
		{AA8E615C-4D67-4B8F-B503-182CC09BAE2E}.Debug|Any CPU.Build.0 = Debug|Any CPU
		{AA8E615C-4D67-4B8F-B503-182CC09BAE2E}.Release|Any CPU.ActiveCfg = Release|Any CPU
		{AA8E615C-4D67-4B8F-B503-182CC09BAE2E}.Release|Any CPU.Build.0 = Release|Any CPU
		{49656ACD-6CCF-4224-8B37-852FA760C89D}.Debug|Any CPU.ActiveCfg = Debug|Any CPU
		{49656ACD-6CCF-4224-8B37-852FA760C89D}.Debug|Any CPU.Build.0 = Debug|Any CPU
		{49656ACD-6CCF-4224-8B37-852FA760C89D}.Release|Any CPU.ActiveCfg = Release|Any CPU
		{49656ACD-6CCF-4224-8B37-852FA760C89D}.Release|Any CPU.Build.0 = Release|Any CPU
		{643857DE-DC99-49E4-AA3C-466A57078052}.Debug|Any CPU.ActiveCfg = Debug|Any CPU
		{643857DE-DC99-49E4-AA3C-466A57078052}.Debug|Any CPU.Build.0 = Debug|Any CPU
		{643857DE-DC99-49E4-AA3C-466A57078052}.Release|Any CPU.ActiveCfg = Release|Any CPU
		{643857DE-DC99-49E4-AA3C-466A57078052}.Release|Any CPU.Build.0 = Release|Any CPU
		{3E3143DD-EA73-4C52-8C83-BC4EE4A93545}.Debug|Any CPU.ActiveCfg = Debug|Any CPU
		{3E3143DD-EA73-4C52-8C83-BC4EE4A93545}.Debug|Any CPU.Build.0 = Debug|Any CPU
		{3E3143DD-EA73-4C52-8C83-BC4EE4A93545}.Release|Any CPU.ActiveCfg = Release|Any CPU
		{3E3143DD-EA73-4C52-8C83-BC4EE4A93545}.Release|Any CPU.Build.0 = Release|Any CPU
		{2C3D3DE3-CD1E-4AFC-A08A-B914FD8DECC9}.Debug|Any CPU.ActiveCfg = Debug|Any CPU
		{2C3D3DE3-CD1E-4AFC-A08A-B914FD8DECC9}.Debug|Any CPU.Build.0 = Debug|Any CPU
		{2C3D3DE3-CD1E-4AFC-A08A-B914FD8DECC9}.Release|Any CPU.ActiveCfg = Release|Any CPU
		{2C3D3DE3-CD1E-4AFC-A08A-B914FD8DECC9}.Release|Any CPU.Build.0 = Release|Any CPU
		{AA04BEEB-4B9C-4172-ADCC-B3DB87B237C8}.Debug|Any CPU.ActiveCfg = Debug|Any CPU
		{AA04BEEB-4B9C-4172-ADCC-B3DB87B237C8}.Debug|Any CPU.Build.0 = Debug|Any CPU
		{AA04BEEB-4B9C-4172-ADCC-B3DB87B237C8}.Release|Any CPU.ActiveCfg = Release|Any CPU
		{AA04BEEB-4B9C-4172-ADCC-B3DB87B237C8}.Release|Any CPU.Build.0 = Release|Any CPU
		{09BB435B-F594-4F0D-A7BA-04580DEE2536}.Debug|Any CPU.ActiveCfg = Debug|Any CPU
		{09BB435B-F594-4F0D-A7BA-04580DEE2536}.Debug|Any CPU.Build.0 = Debug|Any CPU
		{09BB435B-F594-4F0D-A7BA-04580DEE2536}.Release|Any CPU.ActiveCfg = Release|Any CPU
		{09BB435B-F594-4F0D-A7BA-04580DEE2536}.Release|Any CPU.Build.0 = Release|Any CPU
		{E8470BA6-E152-4A9E-AEAE-F2AEBD695F77}.Debug|Any CPU.ActiveCfg = Debug|Any CPU
		{E8470BA6-E152-4A9E-AEAE-F2AEBD695F77}.Debug|Any CPU.Build.0 = Debug|Any CPU
		{E8470BA6-E152-4A9E-AEAE-F2AEBD695F77}.Release|Any CPU.ActiveCfg = Release|Any CPU
		{E8470BA6-E152-4A9E-AEAE-F2AEBD695F77}.Release|Any CPU.Build.0 = Release|Any CPU
		{9CA9E350-07AE-4968-B8E0-3183FEED21B5}.Debug|Any CPU.ActiveCfg = Debug|Any CPU
		{9CA9E350-07AE-4968-B8E0-3183FEED21B5}.Debug|Any CPU.Build.0 = Debug|Any CPU
		{9CA9E350-07AE-4968-B8E0-3183FEED21B5}.Release|Any CPU.ActiveCfg = Release|Any CPU
		{9CA9E350-07AE-4968-B8E0-3183FEED21B5}.Release|Any CPU.Build.0 = Release|Any CPU
		{0716C1F5-F65C-4376-B6A6-22924209E342}.Debug|Any CPU.ActiveCfg = Debug|Any CPU
		{0716C1F5-F65C-4376-B6A6-22924209E342}.Debug|Any CPU.Build.0 = Debug|Any CPU
		{0716C1F5-F65C-4376-B6A6-22924209E342}.Release|Any CPU.ActiveCfg = Release|Any CPU
		{0716C1F5-F65C-4376-B6A6-22924209E342}.Release|Any CPU.Build.0 = Release|Any CPU
		{8A4C8AAF-6359-4AB0-BF96-CF7F7C1C9DE5}.Debug|Any CPU.ActiveCfg = Debug|Any CPU
		{8A4C8AAF-6359-4AB0-BF96-CF7F7C1C9DE5}.Debug|Any CPU.Build.0 = Debug|Any CPU
		{8A4C8AAF-6359-4AB0-BF96-CF7F7C1C9DE5}.Release|Any CPU.ActiveCfg = Release|Any CPU
		{8A4C8AAF-6359-4AB0-BF96-CF7F7C1C9DE5}.Release|Any CPU.Build.0 = Release|Any CPU
		{B3DF1FA0-A003-4280-B734-BA00C68C3150}.Debug|Any CPU.ActiveCfg = Debug|Any CPU
		{B3DF1FA0-A003-4280-B734-BA00C68C3150}.Debug|Any CPU.Build.0 = Debug|Any CPU
		{B3DF1FA0-A003-4280-B734-BA00C68C3150}.Release|Any CPU.ActiveCfg = Release|Any CPU
		{B3DF1FA0-A003-4280-B734-BA00C68C3150}.Release|Any CPU.Build.0 = Release|Any CPU
		{ABF53002-20C3-483C-81EE-8AE9FAE131D6}.Debug|Any CPU.ActiveCfg = Debug|Any CPU
		{ABF53002-20C3-483C-81EE-8AE9FAE131D6}.Debug|Any CPU.Build.0 = Debug|Any CPU
		{ABF53002-20C3-483C-81EE-8AE9FAE131D6}.Release|Any CPU.ActiveCfg = Release|Any CPU
		{ABF53002-20C3-483C-81EE-8AE9FAE131D6}.Release|Any CPU.Build.0 = Release|Any CPU
		{EAC44E6E-7A55-452D-AA4A-9E4A853AC20A}.Debug|Any CPU.ActiveCfg = Debug|Any CPU
		{EAC44E6E-7A55-452D-AA4A-9E4A853AC20A}.Debug|Any CPU.Build.0 = Debug|Any CPU
		{EAC44E6E-7A55-452D-AA4A-9E4A853AC20A}.Release|Any CPU.ActiveCfg = Release|Any CPU
		{EAC44E6E-7A55-452D-AA4A-9E4A853AC20A}.Release|Any CPU.Build.0 = Release|Any CPU
		{126F040C-C55F-4114-B079-1E13E1449DDA}.Debug|Any CPU.ActiveCfg = Debug|Any CPU
		{126F040C-C55F-4114-B079-1E13E1449DDA}.Debug|Any CPU.Build.0 = Debug|Any CPU
		{126F040C-C55F-4114-B079-1E13E1449DDA}.Release|Any CPU.ActiveCfg = Release|Any CPU
		{126F040C-C55F-4114-B079-1E13E1449DDA}.Release|Any CPU.Build.0 = Release|Any CPU
		{8F50AF6F-30EA-4F0E-AD3E-305939192B1A}.Debug|Any CPU.ActiveCfg = Debug|Any CPU
		{8F50AF6F-30EA-4F0E-AD3E-305939192B1A}.Debug|Any CPU.Build.0 = Debug|Any CPU
		{8F50AF6F-30EA-4F0E-AD3E-305939192B1A}.Release|Any CPU.ActiveCfg = Release|Any CPU
		{8F50AF6F-30EA-4F0E-AD3E-305939192B1A}.Release|Any CPU.Build.0 = Release|Any CPU
		{6243CBAE-C8AB-4E58-99E5-31AEC1F7DA6F}.Debug|Any CPU.ActiveCfg = Debug|Any CPU
		{6243CBAE-C8AB-4E58-99E5-31AEC1F7DA6F}.Debug|Any CPU.Build.0 = Debug|Any CPU
		{6243CBAE-C8AB-4E58-99E5-31AEC1F7DA6F}.Release|Any CPU.ActiveCfg = Release|Any CPU
		{6243CBAE-C8AB-4E58-99E5-31AEC1F7DA6F}.Release|Any CPU.Build.0 = Release|Any CPU
		{2C832746-1E87-4DDE-8C2C-69835C96DD28}.Debug|Any CPU.ActiveCfg = Debug|Any CPU
		{2C832746-1E87-4DDE-8C2C-69835C96DD28}.Debug|Any CPU.Build.0 = Debug|Any CPU
		{2C832746-1E87-4DDE-8C2C-69835C96DD28}.Release|Any CPU.ActiveCfg = Release|Any CPU
		{2C832746-1E87-4DDE-8C2C-69835C96DD28}.Release|Any CPU.Build.0 = Release|Any CPU
		{20F38626-C124-41FA-A4FC-00438FBB5152}.Debug|Any CPU.ActiveCfg = Debug|Any CPU
		{20F38626-C124-41FA-A4FC-00438FBB5152}.Debug|Any CPU.Build.0 = Debug|Any CPU
		{20F38626-C124-41FA-A4FC-00438FBB5152}.Release|Any CPU.ActiveCfg = Release|Any CPU
		{20F38626-C124-41FA-A4FC-00438FBB5152}.Release|Any CPU.Build.0 = Release|Any CPU
		{1050D4B1-5648-4649-8BA3-BC08153C1306}.Debug|Any CPU.ActiveCfg = Debug|Any CPU
		{1050D4B1-5648-4649-8BA3-BC08153C1306}.Debug|Any CPU.Build.0 = Debug|Any CPU
		{1050D4B1-5648-4649-8BA3-BC08153C1306}.Release|Any CPU.ActiveCfg = Release|Any CPU
		{1050D4B1-5648-4649-8BA3-BC08153C1306}.Release|Any CPU.Build.0 = Release|Any CPU
		{6BE2EE35-058D-4C03-AEBF-B3A178EFE878}.Debug|Any CPU.ActiveCfg = Debug|Any CPU
		{6BE2EE35-058D-4C03-AEBF-B3A178EFE878}.Debug|Any CPU.Build.0 = Debug|Any CPU
		{6BE2EE35-058D-4C03-AEBF-B3A178EFE878}.Release|Any CPU.ActiveCfg = Release|Any CPU
		{6BE2EE35-058D-4C03-AEBF-B3A178EFE878}.Release|Any CPU.Build.0 = Release|Any CPU
		{FDB3E4FE-4FDE-42A2-AD0E-DCA4495E6583}.Debug|Any CPU.ActiveCfg = Debug|Any CPU
		{FDB3E4FE-4FDE-42A2-AD0E-DCA4495E6583}.Debug|Any CPU.Build.0 = Debug|Any CPU
		{FDB3E4FE-4FDE-42A2-AD0E-DCA4495E6583}.Release|Any CPU.ActiveCfg = Release|Any CPU
		{FDB3E4FE-4FDE-42A2-AD0E-DCA4495E6583}.Release|Any CPU.Build.0 = Release|Any CPU
		{40CBD8B6-4D39-4A2F-84DA-0AED45238AA1}.Debug|Any CPU.ActiveCfg = Debug|Any CPU
		{40CBD8B6-4D39-4A2F-84DA-0AED45238AA1}.Debug|Any CPU.Build.0 = Debug|Any CPU
		{40CBD8B6-4D39-4A2F-84DA-0AED45238AA1}.Release|Any CPU.ActiveCfg = Release|Any CPU
		{40CBD8B6-4D39-4A2F-84DA-0AED45238AA1}.Release|Any CPU.Build.0 = Release|Any CPU
		{4D9A4689-8122-421C-9FFF-FF4E6937AAD8}.Debug|Any CPU.ActiveCfg = Debug|Any CPU
		{4D9A4689-8122-421C-9FFF-FF4E6937AAD8}.Debug|Any CPU.Build.0 = Debug|Any CPU
		{4D9A4689-8122-421C-9FFF-FF4E6937AAD8}.Release|Any CPU.ActiveCfg = Release|Any CPU
		{4D9A4689-8122-421C-9FFF-FF4E6937AAD8}.Release|Any CPU.Build.0 = Release|Any CPU
		{27885E76-071A-4D0C-B80C-68A5B273A96D}.Debug|Any CPU.ActiveCfg = Debug|Any CPU
		{27885E76-071A-4D0C-B80C-68A5B273A96D}.Debug|Any CPU.Build.0 = Debug|Any CPU
		{27885E76-071A-4D0C-B80C-68A5B273A96D}.Release|Any CPU.ActiveCfg = Release|Any CPU
		{27885E76-071A-4D0C-B80C-68A5B273A96D}.Release|Any CPU.Build.0 = Release|Any CPU
		{CCEF2FD0-BF43-4C40-AD24-4D8C89EBC778}.Debug|Any CPU.ActiveCfg = Debug|Any CPU
		{CCEF2FD0-BF43-4C40-AD24-4D8C89EBC778}.Debug|Any CPU.Build.0 = Debug|Any CPU
		{CCEF2FD0-BF43-4C40-AD24-4D8C89EBC778}.Release|Any CPU.ActiveCfg = Release|Any CPU
		{CCEF2FD0-BF43-4C40-AD24-4D8C89EBC778}.Release|Any CPU.Build.0 = Release|Any CPU
		{95F03791-74BD-4598-8F0D-596DA263EB94}.Debug|Any CPU.ActiveCfg = Debug|Any CPU
		{95F03791-74BD-4598-8F0D-596DA263EB94}.Debug|Any CPU.Build.0 = Debug|Any CPU
		{95F03791-74BD-4598-8F0D-596DA263EB94}.Release|Any CPU.ActiveCfg = Release|Any CPU
		{95F03791-74BD-4598-8F0D-596DA263EB94}.Release|Any CPU.Build.0 = Release|Any CPU
		{55269E23-B07A-4E73-84B4-D0BEA0E0F3B9}.Debug|Any CPU.ActiveCfg = Debug|Any CPU
		{55269E23-B07A-4E73-84B4-D0BEA0E0F3B9}.Debug|Any CPU.Build.0 = Debug|Any CPU
		{55269E23-B07A-4E73-84B4-D0BEA0E0F3B9}.Release|Any CPU.ActiveCfg = Release|Any CPU
		{55269E23-B07A-4E73-84B4-D0BEA0E0F3B9}.Release|Any CPU.Build.0 = Release|Any CPU
		{8F92639E-AE68-4D4A-AE28-D4E46AE4E540}.Debug|Any CPU.ActiveCfg = Debug|Any CPU
		{8F92639E-AE68-4D4A-AE28-D4E46AE4E540}.Debug|Any CPU.Build.0 = Debug|Any CPU
		{8F92639E-AE68-4D4A-AE28-D4E46AE4E540}.Release|Any CPU.ActiveCfg = Release|Any CPU
		{8F92639E-AE68-4D4A-AE28-D4E46AE4E540}.Release|Any CPU.Build.0 = Release|Any CPU
		{9858E4EB-4C62-4CB8-B21B-683ECC198D40}.Debug|Any CPU.ActiveCfg = Debug|Any CPU
		{9858E4EB-4C62-4CB8-B21B-683ECC198D40}.Debug|Any CPU.Build.0 = Debug|Any CPU
		{9858E4EB-4C62-4CB8-B21B-683ECC198D40}.Release|Any CPU.ActiveCfg = Release|Any CPU
		{9858E4EB-4C62-4CB8-B21B-683ECC198D40}.Release|Any CPU.Build.0 = Release|Any CPU
		{9E7F19C1-59E7-41DD-90A1-CDF4A82DB240}.Debug|Any CPU.ActiveCfg = Debug|Any CPU
		{9E7F19C1-59E7-41DD-90A1-CDF4A82DB240}.Debug|Any CPU.Build.0 = Debug|Any CPU
		{9E7F19C1-59E7-41DD-90A1-CDF4A82DB240}.Release|Any CPU.ActiveCfg = Release|Any CPU
		{9E7F19C1-59E7-41DD-90A1-CDF4A82DB240}.Release|Any CPU.Build.0 = Release|Any CPU
		{A8186073-CA0D-4ECC-8961-C299F17C8E71}.Debug|Any CPU.ActiveCfg = Debug|Any CPU
		{A8186073-CA0D-4ECC-8961-C299F17C8E71}.Debug|Any CPU.Build.0 = Debug|Any CPU
		{A8186073-CA0D-4ECC-8961-C299F17C8E71}.Release|Any CPU.ActiveCfg = Release|Any CPU
		{A8186073-CA0D-4ECC-8961-C299F17C8E71}.Release|Any CPU.Build.0 = Release|Any CPU
		{57C6BF4F-9706-448F-93A9-C43F60C7C4AD}.Debug|Any CPU.ActiveCfg = Debug|Any CPU
		{57C6BF4F-9706-448F-93A9-C43F60C7C4AD}.Debug|Any CPU.Build.0 = Debug|Any CPU
		{57C6BF4F-9706-448F-93A9-C43F60C7C4AD}.Release|Any CPU.ActiveCfg = Release|Any CPU
		{57C6BF4F-9706-448F-93A9-C43F60C7C4AD}.Release|Any CPU.Build.0 = Release|Any CPU
		{8CE77908-67EC-4546-A1D0-EC3DAA143AD7}.Debug|Any CPU.ActiveCfg = Debug|Any CPU
		{8CE77908-67EC-4546-A1D0-EC3DAA143AD7}.Debug|Any CPU.Build.0 = Debug|Any CPU
		{8CE77908-67EC-4546-A1D0-EC3DAA143AD7}.Release|Any CPU.ActiveCfg = Release|Any CPU
		{8CE77908-67EC-4546-A1D0-EC3DAA143AD7}.Release|Any CPU.Build.0 = Release|Any CPU
		{E9F15031-181F-4A0B-AF55-7705AAFF031F}.Debug|Any CPU.ActiveCfg = Debug|Any CPU
		{E9F15031-181F-4A0B-AF55-7705AAFF031F}.Debug|Any CPU.Build.0 = Debug|Any CPU
		{E9F15031-181F-4A0B-AF55-7705AAFF031F}.Release|Any CPU.ActiveCfg = Release|Any CPU
		{E9F15031-181F-4A0B-AF55-7705AAFF031F}.Release|Any CPU.Build.0 = Release|Any CPU
		{7D536C92-32A5-4625-A91B-ECBB3AB04153}.Debug|Any CPU.ActiveCfg = Debug|Any CPU
		{7D536C92-32A5-4625-A91B-ECBB3AB04153}.Debug|Any CPU.Build.0 = Debug|Any CPU
		{7D536C92-32A5-4625-A91B-ECBB3AB04153}.Release|Any CPU.ActiveCfg = Release|Any CPU
		{7D536C92-32A5-4625-A91B-ECBB3AB04153}.Release|Any CPU.Build.0 = Release|Any CPU
		{1B22D43F-5E49-41DD-B134-D3862420F4AA}.Debug|Any CPU.ActiveCfg = Debug|Any CPU
		{1B22D43F-5E49-41DD-B134-D3862420F4AA}.Debug|Any CPU.Build.0 = Debug|Any CPU
		{1B22D43F-5E49-41DD-B134-D3862420F4AA}.Release|Any CPU.ActiveCfg = Release|Any CPU
		{1B22D43F-5E49-41DD-B134-D3862420F4AA}.Release|Any CPU.Build.0 = Release|Any CPU
		{7D34E1B0-2CC2-4DC2-ABD0-B2948C56629E}.Debug|Any CPU.ActiveCfg = Debug|Any CPU
		{7D34E1B0-2CC2-4DC2-ABD0-B2948C56629E}.Debug|Any CPU.Build.0 = Debug|Any CPU
		{7D34E1B0-2CC2-4DC2-ABD0-B2948C56629E}.Release|Any CPU.ActiveCfg = Release|Any CPU
		{7D34E1B0-2CC2-4DC2-ABD0-B2948C56629E}.Release|Any CPU.Build.0 = Release|Any CPU
		{27CA71EA-7362-4355-917B-1ED953C994A7}.Debug|Any CPU.ActiveCfg = Debug|Any CPU
		{27CA71EA-7362-4355-917B-1ED953C994A7}.Debug|Any CPU.Build.0 = Debug|Any CPU
		{27CA71EA-7362-4355-917B-1ED953C994A7}.Release|Any CPU.ActiveCfg = Release|Any CPU
		{27CA71EA-7362-4355-917B-1ED953C994A7}.Release|Any CPU.Build.0 = Release|Any CPU
		{40C26258-A86D-45A8-B26D-4574C9E34264}.Debug|Any CPU.ActiveCfg = Debug|Any CPU
		{40C26258-A86D-45A8-B26D-4574C9E34264}.Debug|Any CPU.Build.0 = Debug|Any CPU
		{40C26258-A86D-45A8-B26D-4574C9E34264}.Release|Any CPU.ActiveCfg = Release|Any CPU
		{40C26258-A86D-45A8-B26D-4574C9E34264}.Release|Any CPU.Build.0 = Release|Any CPU
		{26CE345B-836F-4ACD-AF93-D5D91C9FD219}.Debug|Any CPU.ActiveCfg = Debug|Any CPU
		{26CE345B-836F-4ACD-AF93-D5D91C9FD219}.Debug|Any CPU.Build.0 = Debug|Any CPU
		{26CE345B-836F-4ACD-AF93-D5D91C9FD219}.Release|Any CPU.ActiveCfg = Release|Any CPU
		{26CE345B-836F-4ACD-AF93-D5D91C9FD219}.Release|Any CPU.Build.0 = Release|Any CPU
		{E76FCCAE-2489-4F7B-BD27-3013C45267A1}.Debug|Any CPU.ActiveCfg = Debug|Any CPU
		{E76FCCAE-2489-4F7B-BD27-3013C45267A1}.Debug|Any CPU.Build.0 = Debug|Any CPU
		{E76FCCAE-2489-4F7B-BD27-3013C45267A1}.Release|Any CPU.ActiveCfg = Release|Any CPU
		{E76FCCAE-2489-4F7B-BD27-3013C45267A1}.Release|Any CPU.Build.0 = Release|Any CPU
	EndGlobalSection
	GlobalSection(SolutionProperties) = preSolution
		HideSolutionNode = FALSE
	EndGlobalSection
	GlobalSection(ExtensibilityGlobals) = postSolution
		SolutionGuid = {A0E052F9-3080-4A56-B159-CDC249B69DD9}
	EndGlobalSection
EndGlobal
