
Microsoft Visual Studio Solution File, Format Version 12.00
# Visual Studio Version 16
VisualStudioVersion = 16.0.32602.291
MinimumVisualStudioVersion = 10.0.40219.1
Project("{FAE04EC0-301F-11D3-BF4B-00C04F79EFBC}") = "0_Study_Cs", "0_Study_Cs.csproj", "{DD2080D2-7029-42B8-B286-F454C746F8FE}"
EndProject
Project("{FAE04EC0-301F-11D3-BF4B-00C04F79EFBC}") = "1_Write_WriteLine_", "..\Write(),WriteLine()\1_Write_WriteLine_.csproj", "{8686460E-043E-4F79-87E6-DFB9F92C2C31}"
EndProject
Project("{FAE04EC0-301F-11D3-BF4B-00C04F79EFBC}") = "2_Hello World 예제", "..\Hello World 예제\2_Hello World 예제.csproj", "{13B9DFCE-68FA-4538-85ED-1A7246B9F2BE}"
EndProject
Project("{FAE04EC0-301F-11D3-BF4B-00C04F79EFBC}") = "3_integer 예제", "..\integer 예제\3_integer 예제.csproj", "{5FEB90C1-ED70-4BFA-A77B-465D0EAF2331}"
EndProject
Project("{FAE04EC0-301F-11D3-BF4B-00C04F79EFBC}") = "4_정수_덧셈_연산자", "..\2_3_정수_덧셈_연산자\4_정수_덧셈_연산자.csproj", "{E5B5926C-250C-4D14-9A1F-810B6B91B77A}"
EndProject
Project("{FAE04EC0-301F-11D3-BF4B-00C04F79EFBC}") = "5_연산자_우선순위", "..\2_4_연산자_우선순위\5_연산자_우선순위.csproj", "{9DC4E4D0-6B2D-4F0F-A951-4B1CDADA3526}"
EndProject
Project("{FAE04EC0-301F-11D3-BF4B-00C04F79EFBC}") = "6_나머지_연산자", "..\2_5_나머지_연산자\6_나머지_연산자.csproj", "{F98C9C52-9778-4094-A3D0-B8BFCC3DCCB4}"
EndProject
Project("{FAE04EC0-301F-11D3-BF4B-00C04F79EFBC}") = "7_정수와_연산자", "..\2_6_정수와_연산자\7_정수와_연산자.csproj", "{6E473D68-213F-4757-A450-0FBED9964D12}"
EndProject
Project("{FAE04EC0-301F-11D3-BF4B-00C04F79EFBC}") = "8_음수와_나머지_연산자", "..\2_7_음수와_나머지_연산자\8_음수와_나머지_연산자.csproj", "{846B57D8-5B25-41A0-855D-17F90EDA228A}"
EndProject
Project("{FAE04EC0-301F-11D3-BF4B-00C04F79EFBC}") = "9_실수", "..\2_8_실수\9_실수.csproj", "{67FB3091-F214-47E4-911F-326569D4C722}"
EndProject
Project("{FAE04EC0-301F-11D3-BF4B-00C04F79EFBC}") = "10_정수와_실수", "..\2_9_정수와_실수\10_정수와_실수.csproj", "{A0768195-6DF4-4D6C-9364-F37CEFC9809D}"
EndProject
Project("{FAE04EC0-301F-11D3-BF4B-00C04F79EFBC}") = "11_실수와_사칙_연산자", "..\2_10_실수와_사칙_연산자\11_실수와_사칙_연산자.csproj", "{5F8AE0AD-FF8B-4023-A9A3-29D0E496BDFB}"
EndProject
Global
	GlobalSection(SolutionConfigurationPlatforms) = preSolution
		Debug|Any CPU = Debug|Any CPU
		Release|Any CPU = Release|Any CPU
	EndGlobalSection
	GlobalSection(ProjectConfigurationPlatforms) = postSolution
		{DD2080D2-7029-42B8-B286-F454C746F8FE}.Debug|Any CPU.ActiveCfg = Debug|Any CPU
		{DD2080D2-7029-42B8-B286-F454C746F8FE}.Debug|Any CPU.Build.0 = Debug|Any CPU
		{DD2080D2-7029-42B8-B286-F454C746F8FE}.Release|Any CPU.ActiveCfg = Release|Any CPU
		{DD2080D2-7029-42B8-B286-F454C746F8FE}.Release|Any CPU.Build.0 = Release|Any CPU
		{8686460E-043E-4F79-87E6-DFB9F92C2C31}.Debug|Any CPU.ActiveCfg = Debug|Any CPU
		{8686460E-043E-4F79-87E6-DFB9F92C2C31}.Debug|Any CPU.Build.0 = Debug|Any CPU
		{8686460E-043E-4F79-87E6-DFB9F92C2C31}.Release|Any CPU.ActiveCfg = Release|Any CPU
		{8686460E-043E-4F79-87E6-DFB9F92C2C31}.Release|Any CPU.Build.0 = Release|Any CPU
		{13B9DFCE-68FA-4538-85ED-1A7246B9F2BE}.Debug|Any CPU.ActiveCfg = Debug|Any CPU
		{13B9DFCE-68FA-4538-85ED-1A7246B9F2BE}.Debug|Any CPU.Build.0 = Debug|Any CPU
		{13B9DFCE-68FA-4538-85ED-1A7246B9F2BE}.Release|Any CPU.ActiveCfg = Release|Any CPU
		{13B9DFCE-68FA-4538-85ED-1A7246B9F2BE}.Release|Any CPU.Build.0 = Release|Any CPU
		{5FEB90C1-ED70-4BFA-A77B-465D0EAF2331}.Debug|Any CPU.ActiveCfg = Debug|Any CPU
		{5FEB90C1-ED70-4BFA-A77B-465D0EAF2331}.Debug|Any CPU.Build.0 = Debug|Any CPU
		{5FEB90C1-ED70-4BFA-A77B-465D0EAF2331}.Release|Any CPU.ActiveCfg = Release|Any CPU
		{5FEB90C1-ED70-4BFA-A77B-465D0EAF2331}.Release|Any CPU.Build.0 = Release|Any CPU
		{E5B5926C-250C-4D14-9A1F-810B6B91B77A}.Debug|Any CPU.ActiveCfg = Debug|Any CPU
		{E5B5926C-250C-4D14-9A1F-810B6B91B77A}.Debug|Any CPU.Build.0 = Debug|Any CPU
		{E5B5926C-250C-4D14-9A1F-810B6B91B77A}.Release|Any CPU.ActiveCfg = Release|Any CPU
		{E5B5926C-250C-4D14-9A1F-810B6B91B77A}.Release|Any CPU.Build.0 = Release|Any CPU
		{9DC4E4D0-6B2D-4F0F-A951-4B1CDADA3526}.Debug|Any CPU.ActiveCfg = Debug|Any CPU
		{9DC4E4D0-6B2D-4F0F-A951-4B1CDADA3526}.Debug|Any CPU.Build.0 = Debug|Any CPU
		{9DC4E4D0-6B2D-4F0F-A951-4B1CDADA3526}.Release|Any CPU.ActiveCfg = Release|Any CPU
		{9DC4E4D0-6B2D-4F0F-A951-4B1CDADA3526}.Release|Any CPU.Build.0 = Release|Any CPU
		{F98C9C52-9778-4094-A3D0-B8BFCC3DCCB4}.Debug|Any CPU.ActiveCfg = Debug|Any CPU
		{F98C9C52-9778-4094-A3D0-B8BFCC3DCCB4}.Debug|Any CPU.Build.0 = Debug|Any CPU
		{F98C9C52-9778-4094-A3D0-B8BFCC3DCCB4}.Release|Any CPU.ActiveCfg = Release|Any CPU
		{F98C9C52-9778-4094-A3D0-B8BFCC3DCCB4}.Release|Any CPU.Build.0 = Release|Any CPU
		{6E473D68-213F-4757-A450-0FBED9964D12}.Debug|Any CPU.ActiveCfg = Debug|Any CPU
		{6E473D68-213F-4757-A450-0FBED9964D12}.Debug|Any CPU.Build.0 = Debug|Any CPU
		{6E473D68-213F-4757-A450-0FBED9964D12}.Release|Any CPU.ActiveCfg = Release|Any CPU
		{6E473D68-213F-4757-A450-0FBED9964D12}.Release|Any CPU.Build.0 = Release|Any CPU
		{846B57D8-5B25-41A0-855D-17F90EDA228A}.Debug|Any CPU.ActiveCfg = Debug|Any CPU
		{846B57D8-5B25-41A0-855D-17F90EDA228A}.Debug|Any CPU.Build.0 = Debug|Any CPU
		{846B57D8-5B25-41A0-855D-17F90EDA228A}.Release|Any CPU.ActiveCfg = Release|Any CPU
		{846B57D8-5B25-41A0-855D-17F90EDA228A}.Release|Any CPU.Build.0 = Release|Any CPU
		{67FB3091-F214-47E4-911F-326569D4C722}.Debug|Any CPU.ActiveCfg = Debug|Any CPU
		{67FB3091-F214-47E4-911F-326569D4C722}.Debug|Any CPU.Build.0 = Debug|Any CPU
		{67FB3091-F214-47E4-911F-326569D4C722}.Release|Any CPU.ActiveCfg = Release|Any CPU
		{67FB3091-F214-47E4-911F-326569D4C722}.Release|Any CPU.Build.0 = Release|Any CPU
		{A0768195-6DF4-4D6C-9364-F37CEFC9809D}.Debug|Any CPU.ActiveCfg = Debug|Any CPU
		{A0768195-6DF4-4D6C-9364-F37CEFC9809D}.Debug|Any CPU.Build.0 = Debug|Any CPU
		{A0768195-6DF4-4D6C-9364-F37CEFC9809D}.Release|Any CPU.ActiveCfg = Release|Any CPU
		{A0768195-6DF4-4D6C-9364-F37CEFC9809D}.Release|Any CPU.Build.0 = Release|Any CPU
		{5F8AE0AD-FF8B-4023-A9A3-29D0E496BDFB}.Debug|Any CPU.ActiveCfg = Debug|Any CPU
		{5F8AE0AD-FF8B-4023-A9A3-29D0E496BDFB}.Debug|Any CPU.Build.0 = Debug|Any CPU
		{5F8AE0AD-FF8B-4023-A9A3-29D0E496BDFB}.Release|Any CPU.ActiveCfg = Release|Any CPU
		{5F8AE0AD-FF8B-4023-A9A3-29D0E496BDFB}.Release|Any CPU.Build.0 = Release|Any CPU
	EndGlobalSection
	GlobalSection(SolutionProperties) = preSolution
		HideSolutionNode = FALSE
	EndGlobalSection
	GlobalSection(ExtensibilityGlobals) = postSolution
		SolutionGuid = {2816938E-DEB8-48A1-9A20-D41E1C314B90}
	EndGlobalSection
EndGlobal
