
Microsoft Visual Studio Solution File, Format Version 12.00
# Visual Studio Version 16
VisualStudioVersion = 16.0.32602.291
MinimumVisualStudioVersion = 10.0.40219.1
Project("{FAE04EC0-301F-11D3-BF4B-00C04F79EFBC}") = "000_MyCsStudy", "000_MyCsStudy.csproj", "{BF541F9D-44BA-42DA-BFAE-BB1AF4B6DB3A}"
EndProject
Project("{FAE04EC0-301F-11D3-BF4B-00C04F79EFBC}") = "001_출력", "..\001_출력\001_출력.csproj", "{E8C2F52E-2C97-4C79-A138-4F46FE3A78DF}"
EndProject
Project("{FAE04EC0-301F-11D3-BF4B-00C04F79EFBC}") = "002_변수", "..\002_변수\002_변수.csproj", "{531E5E4E-681D-4054-B172-C7F2DEB1AD98}"
EndProject
Project("{FAE04EC0-301F-11D3-BF4B-00C04F79EFBC}") = "003_복합_대입_연산자", "..\003_복합_대입_연산자\003_복합_대입_연산자.csproj", "{C40A45D7-308D-4479-B37D-F86974542547}"
EndProject
Project("{FAE04EC0-301F-11D3-BF4B-00C04F79EFBC}") = "004_자료형_검사", "..\004_자료형_검사\004_자료형_검사.csproj", "{3ED5157D-02AD-4D0F-9B94-711343DF8914}"
EndProject
Project("{FAE04EC0-301F-11D3-BF4B-00C04F79EFBC}") = "005_var_키워드", "..\005_var_키워드\005_var_키워드.csproj", "{2D80ADA0-EFAC-40A8-81D8-C25A71A4BBEC}"
EndProject
Project("{FAE04EC0-301F-11D3-BF4B-00C04F79EFBC}") = "006_입력", "..\006_입력\006_입력.csproj", "{D487FD36-C6A8-42C8-8381-704A277D1115}"
EndProject
Project("{FAE04EC0-301F-11D3-BF4B-00C04F79EFBC}") = "007_자료형_반환", "..\007_자료형_반환\007_자료형_반환.csproj", "{29F74AEB-2A46-46B4-88DC-DCCFE02F87F2}"
EndProject
Project("{FAE04EC0-301F-11D3-BF4B-00C04F79EFBC}") = "008_문자", "..\008_문자\008_문자.csproj", "{E2017BDE-26BB-4829-8561-66A3B628B775}"
EndProject
Project("{FAE04EC0-301F-11D3-BF4B-00C04F79EFBC}") = "009_불", "..\009_불\009_불.csproj", "{70303FC4-8DD2-46E8-9621-FE94FD26D3AD}"
EndProject
Project("{FAE04EC0-301F-11D3-BF4B-00C04F79EFBC}") = "010_if_조건문", "..\010_if_조건문\010_if_조건문.csproj", "{73ADBFAE-4EEC-4FE2-A916-FE7461DE1C9B}"
EndProject
Project("{FAE04EC0-301F-11D3-BF4B-00C04F79EFBC}") = "011_if_else_조건문", "..\011_if_else_조건문\011_if_else_조건문.csproj", "{AFE3F1E6-89C5-4C6C-973E-E0FDFD7A0ACD}"
EndProject
Project("{FAE04EC0-301F-11D3-BF4B-00C04F79EFBC}") = "012_중첩_반복문", "..\012_중첩_반복문\012_중첩_반복문.csproj", "{DE035C55-EFD2-449C-8126-25704BCE9E8A}"
EndProject
Project("{FAE04EC0-301F-11D3-BF4B-00C04F79EFBC}") = "013_if_else_if_조건문", "..\013_if_else_if_조건문\013_if_else_if_조건문.csproj", "{2A259E3F-EDE6-47F7-8963-6F46C0E5A6BA}"
EndProject
Project("{FAE04EC0-301F-11D3-BF4B-00C04F79EFBC}") = "014_Switch_조건문", "..\014_Switch_조건문\014_Switch_조건문.csproj", "{19CCFEA8-77FD-4F61-BF52-4812FCD9B142}"
EndProject
Project("{FAE04EC0-301F-11D3-BF4B-00C04F79EFBC}") = "015_삼항_연산자", "..\015_삼항_연산자\015_삼항_연산자.csproj", "{47262100-140B-4424-A6EA-887427FD6F55}"
EndProject
Project("{FAE04EC0-301F-11D3-BF4B-00C04F79EFBC}") = "016_함께하는_응용예제", "..\016_함께하는_응용예제\016_함께하는_응용예제.csproj", "{228F6DA8-B590-469B-91F8-800154DA1D7C}"
EndProject
Project("{FAE04EC0-301F-11D3-BF4B-00C04F79EFBC}") = "017_반복문과_배열", "..\017_반복문과_배열\017_반복문과_배열.csproj", "{91464FE3-2AA6-4B6B-965D-C4F67B207C6C}"
EndProject
Project("{FAE04EC0-301F-11D3-BF4B-00C04F79EFBC}") = "018_while_반복문", "..\018_while_반복문\018_while_반복문.csproj", "{FB79B7F1-299B-4D00-BDE7-10A6BFE1D3F3}"
EndProject
Project("{FAE04EC0-301F-11D3-BF4B-00C04F79EFBC}") = "019_do_while_반복문", "..\019_do_while_반복문\019_do_while_반복문.csproj", "{7B8C5A71-766D-4EE5-9001-C2555508B314}"
EndProject
Project("{FAE04EC0-301F-11D3-BF4B-00C04F79EFBC}") = "020_for_반복문", "..\020_for_반복문\020_for_반복문.csproj", "{FDD68718-9B3A-4B41-9C07-FA5C5FC841E1}"
EndProject
Project("{FAE04EC0-301F-11D3-BF4B-00C04F79EFBC}") = "021_역_for_반복문", "..\021_역_for_반복문\021_역_for_반복문.csproj", "{B83CBC6F-7632-43F8-BE5E-2F2E8F9E6A58}"
EndProject
Project("{FAE04EC0-301F-11D3-BF4B-00C04F79EFBC}") = "022_foreach_반복문", "..\022_foreach_반복문\022_foreach_반복문.csproj", "{55258B53-3785-4BCA-B960-D4E8CB611627}"
EndProject
Project("{FAE04EC0-301F-11D3-BF4B-00C04F79EFBC}") = "023_중첩_반복문", "..\023_중첩_반복문\023_중첩_반복문.csproj", "{4C2DE279-49C0-4AFC-B470-203BF01970BA}"
EndProject
Project("{FAE04EC0-301F-11D3-BF4B-00C04F79EFBC}") = "024_break_키워드", "..\024_break_키워드\024_break_키워드.csproj", "{C22FACC8-B7AD-44CB-AC01-5920D402F29F}"
EndProject
Project("{FAE04EC0-301F-11D3-BF4B-00C04F79EFBC}") = "025_continue_키워드", "..\025_continue_키워드\025_continue_키워드.csproj", "{502EBF80-8EEE-4480-93E9-08A050F57D90}"
EndProject
Project("{FAE04EC0-301F-11D3-BF4B-00C04F79EFBC}") = "026_함꼐하는_응용예제", "..\026_함꼐하는_응용예제\026_함꼐하는_응용예제.csproj", "{9FA15124-EBF9-4E7B-AF49-C4F2B26165B4}"
EndProject
Project("{FAE04EC0-301F-11D3-BF4B-00C04F79EFBC}") = "027_이동하는_달팽이", "..\027_이동하는_달팽이\027_이동하는_달팽이.csproj", "{ED86DD1B-1437-45E4-8F8C-364F41A21A2F}"
EndProject
Project("{FAE04EC0-301F-11D3-BF4B-00C04F79EFBC}") = "028_무한_반복하며_이동", "..\028_무한_반복하며_이동\028_무한_반복하며_이동.csproj", "{FBEDE07E-2CAA-40DC-99F0-CD4D3585262C}"
EndProject
Project("{FAE04EC0-301F-11D3-BF4B-00C04F79EFBC}") = "029_클래스_개요", "..\029_클래스_개요\029_클래스_개요.csproj", "{A64C966D-FD4B-4951-BFF5-E774E9A1430E}"
EndProject
Project("{FAE04EC0-301F-11D3-BF4B-00C04F79EFBC}") = "030_클래스_사용", "..\030_클래스_사용\030_클래스_사용.csproj", "{41042A79-3ACC-4B59-B117-331F04CCBA31}"
EndProject
Project("{FAE04EC0-301F-11D3-BF4B-00C04F79EFBC}") = "031_클래스_생성", "..\031_클래스_생성\031_클래스_생성.csproj", "{903A1548-8200-461D-AFD7-88BC0E4B0592}"
EndProject
Project("{FAE04EC0-301F-11D3-BF4B-00C04F79EFBC}") = "032_클래스의_변수", "..\032_클래스의_변수\032_클래스의_변수.csproj", "{D6313918-9E44-4387-96E5-1867D6CEBB93}"
EndProject
Project("{FAE04EC0-301F-11D3-BF4B-00C04F79EFBC}") = "033_추상화", "..\033_추상화\033_추상화.csproj", "{9F1F02A7-8FCC-4AB8-BF73-96BDEB04F24C}"
EndProject
Project("{FAE04EC0-301F-11D3-BF4B-00C04F79EFBC}") = "034_함께하는 응용예제", "..\034_함께하는 응용예제\034_함께하는 응용예제.csproj", "{7A1E069D-1437-4149-9488-0E78919CF0BA}"
EndProject
Project("{FAE04EC0-301F-11D3-BF4B-00C04F79EFBC}") = "035_메서드_기본_형태", "..\035_메서드_기본_형태\035_메서드_기본_형태.csproj", "{2B89E586-FDAA-4DC5-861C-C7F3F763DD62}"
EndProject
Project("{FAE04EC0-301F-11D3-BF4B-00C04F79EFBC}") = "036_매개변수와_반환", "..\036_매개변수와_반환\036_매개변수와_반환.csproj", "{F06733C5-2CF7-4A3C-98AB-C1B7E4CDEA4E}"
EndProject
Project("{FAE04EC0-301F-11D3-BF4B-00C04F79EFBC}") = "037_클래스_메서드", "..\037_클래스_메서드\037_클래스_메서드.csproj", "{5D23539C-D38A-4422-AFBE-AB5C78F09873}"
EndProject
Project("{FAE04EC0-301F-11D3-BF4B-00C04F79EFBC}") = "038_오버로딩", "..\038_오버로딩\038_오버로딩.csproj", "{E1E13B5D-706D-4757-9234-798F2B038CE5}"
EndProject
Project("{FAE04EC0-301F-11D3-BF4B-00C04F79EFBC}") = "039_접근_제한자", "..\039_접근_제한자\039_접근_제한자.csproj", "{F867F958-8005-4A4B-8E8D-5B4CD444B423}"
EndProject
Project("{FAE04EC0-301F-11D3-BF4B-00C04F79EFBC}") = "040_생성자", "..\040_생성자\040_생성자.csproj", "{CB738C58-09A5-4DF9-85E8-0368610D5C21}"
EndProject
Project("{FAE04EC0-301F-11D3-BF4B-00C04F79EFBC}") = "041_소멸자", "..\041_소멸자\041_소멸자.csproj", "{5CC78AA9-CE7B-4749-9807-8A6A4F1E3256}"
EndProject
Project("{FAE04EC0-301F-11D3-BF4B-00C04F79EFBC}") = "042_속성", "..\042_속성\042_속성.csproj", "{97983EDF-6409-492F-8D3C-1CAC6AE6A654}"
EndProject
Project("{FAE04EC0-301F-11D3-BF4B-00C04F79EFBC}") = "043_겟터와_셋터", "..\043_겟터와_셋터\043_겟터와_셋터.csproj", "{45EE901D-F2D2-434E-92E4-2D141EBE6E29}"
EndProject
Project("{FAE04EC0-301F-11D3-BF4B-00C04F79EFBC}") = "044_값_복사와_참조_복사", "..\044_값_복사와_참조_복사\044_값_복사와_참조_복사.csproj", "{50D701E6-DD20-40E9-AB67-26F1F58248CE}"
EndProject
Project("{FAE04EC0-301F-11D3-BF4B-00C04F79EFBC}") = "045_참조_복사", "..\045_참조_복사\045_참조_복사.csproj", "{E840DC7D-62E1-4E07-8183-91C3D6AC4C82}"
EndProject
Project("{FAE04EC0-301F-11D3-BF4B-00C04F79EFBC}") = "046_함꼐하는_응용예제", "..\046_함꼐하는_응용예제\046_함꼐하는_응용예제.csproj", "{A7A02DE8-E486-4240-9FAB-D968B31B7BB3}"
EndProject
Project("{FAE04EC0-301F-11D3-BF4B-00C04F79EFBC}") = "047_메모화", "..\047_메모화\047_메모화.csproj", "{68C77B55-4684-433A-AAE7-F821541AF618}"
EndProject
Global
	GlobalSection(SolutionConfigurationPlatforms) = preSolution
		Debug|Any CPU = Debug|Any CPU
		Release|Any CPU = Release|Any CPU
	EndGlobalSection
	GlobalSection(ProjectConfigurationPlatforms) = postSolution
		{BF541F9D-44BA-42DA-BFAE-BB1AF4B6DB3A}.Debug|Any CPU.ActiveCfg = Debug|Any CPU
		{BF541F9D-44BA-42DA-BFAE-BB1AF4B6DB3A}.Debug|Any CPU.Build.0 = Debug|Any CPU
		{BF541F9D-44BA-42DA-BFAE-BB1AF4B6DB3A}.Release|Any CPU.ActiveCfg = Release|Any CPU
		{BF541F9D-44BA-42DA-BFAE-BB1AF4B6DB3A}.Release|Any CPU.Build.0 = Release|Any CPU
		{E8C2F52E-2C97-4C79-A138-4F46FE3A78DF}.Debug|Any CPU.ActiveCfg = Debug|Any CPU
		{E8C2F52E-2C97-4C79-A138-4F46FE3A78DF}.Debug|Any CPU.Build.0 = Debug|Any CPU
		{E8C2F52E-2C97-4C79-A138-4F46FE3A78DF}.Release|Any CPU.ActiveCfg = Release|Any CPU
		{E8C2F52E-2C97-4C79-A138-4F46FE3A78DF}.Release|Any CPU.Build.0 = Release|Any CPU
		{531E5E4E-681D-4054-B172-C7F2DEB1AD98}.Debug|Any CPU.ActiveCfg = Debug|Any CPU
		{531E5E4E-681D-4054-B172-C7F2DEB1AD98}.Debug|Any CPU.Build.0 = Debug|Any CPU
		{531E5E4E-681D-4054-B172-C7F2DEB1AD98}.Release|Any CPU.ActiveCfg = Release|Any CPU
		{531E5E4E-681D-4054-B172-C7F2DEB1AD98}.Release|Any CPU.Build.0 = Release|Any CPU
		{C40A45D7-308D-4479-B37D-F86974542547}.Debug|Any CPU.ActiveCfg = Debug|Any CPU
		{C40A45D7-308D-4479-B37D-F86974542547}.Debug|Any CPU.Build.0 = Debug|Any CPU
		{C40A45D7-308D-4479-B37D-F86974542547}.Release|Any CPU.ActiveCfg = Release|Any CPU
		{C40A45D7-308D-4479-B37D-F86974542547}.Release|Any CPU.Build.0 = Release|Any CPU
		{3ED5157D-02AD-4D0F-9B94-711343DF8914}.Debug|Any CPU.ActiveCfg = Debug|Any CPU
		{3ED5157D-02AD-4D0F-9B94-711343DF8914}.Debug|Any CPU.Build.0 = Debug|Any CPU
		{3ED5157D-02AD-4D0F-9B94-711343DF8914}.Release|Any CPU.ActiveCfg = Release|Any CPU
		{3ED5157D-02AD-4D0F-9B94-711343DF8914}.Release|Any CPU.Build.0 = Release|Any CPU
		{2D80ADA0-EFAC-40A8-81D8-C25A71A4BBEC}.Debug|Any CPU.ActiveCfg = Debug|Any CPU
		{2D80ADA0-EFAC-40A8-81D8-C25A71A4BBEC}.Debug|Any CPU.Build.0 = Debug|Any CPU
		{2D80ADA0-EFAC-40A8-81D8-C25A71A4BBEC}.Release|Any CPU.ActiveCfg = Release|Any CPU
		{2D80ADA0-EFAC-40A8-81D8-C25A71A4BBEC}.Release|Any CPU.Build.0 = Release|Any CPU
		{D487FD36-C6A8-42C8-8381-704A277D1115}.Debug|Any CPU.ActiveCfg = Debug|Any CPU
		{D487FD36-C6A8-42C8-8381-704A277D1115}.Debug|Any CPU.Build.0 = Debug|Any CPU
		{D487FD36-C6A8-42C8-8381-704A277D1115}.Release|Any CPU.ActiveCfg = Release|Any CPU
		{D487FD36-C6A8-42C8-8381-704A277D1115}.Release|Any CPU.Build.0 = Release|Any CPU
		{29F74AEB-2A46-46B4-88DC-DCCFE02F87F2}.Debug|Any CPU.ActiveCfg = Debug|Any CPU
		{29F74AEB-2A46-46B4-88DC-DCCFE02F87F2}.Debug|Any CPU.Build.0 = Debug|Any CPU
		{29F74AEB-2A46-46B4-88DC-DCCFE02F87F2}.Release|Any CPU.ActiveCfg = Release|Any CPU
		{29F74AEB-2A46-46B4-88DC-DCCFE02F87F2}.Release|Any CPU.Build.0 = Release|Any CPU
		{E2017BDE-26BB-4829-8561-66A3B628B775}.Debug|Any CPU.ActiveCfg = Debug|Any CPU
		{E2017BDE-26BB-4829-8561-66A3B628B775}.Debug|Any CPU.Build.0 = Debug|Any CPU
		{E2017BDE-26BB-4829-8561-66A3B628B775}.Release|Any CPU.ActiveCfg = Release|Any CPU
		{E2017BDE-26BB-4829-8561-66A3B628B775}.Release|Any CPU.Build.0 = Release|Any CPU
		{70303FC4-8DD2-46E8-9621-FE94FD26D3AD}.Debug|Any CPU.ActiveCfg = Debug|Any CPU
		{70303FC4-8DD2-46E8-9621-FE94FD26D3AD}.Debug|Any CPU.Build.0 = Debug|Any CPU
		{70303FC4-8DD2-46E8-9621-FE94FD26D3AD}.Release|Any CPU.ActiveCfg = Release|Any CPU
		{70303FC4-8DD2-46E8-9621-FE94FD26D3AD}.Release|Any CPU.Build.0 = Release|Any CPU
		{73ADBFAE-4EEC-4FE2-A916-FE7461DE1C9B}.Debug|Any CPU.ActiveCfg = Debug|Any CPU
		{73ADBFAE-4EEC-4FE2-A916-FE7461DE1C9B}.Debug|Any CPU.Build.0 = Debug|Any CPU
		{73ADBFAE-4EEC-4FE2-A916-FE7461DE1C9B}.Release|Any CPU.ActiveCfg = Release|Any CPU
		{73ADBFAE-4EEC-4FE2-A916-FE7461DE1C9B}.Release|Any CPU.Build.0 = Release|Any CPU
		{AFE3F1E6-89C5-4C6C-973E-E0FDFD7A0ACD}.Debug|Any CPU.ActiveCfg = Debug|Any CPU
		{AFE3F1E6-89C5-4C6C-973E-E0FDFD7A0ACD}.Debug|Any CPU.Build.0 = Debug|Any CPU
		{AFE3F1E6-89C5-4C6C-973E-E0FDFD7A0ACD}.Release|Any CPU.ActiveCfg = Release|Any CPU
		{AFE3F1E6-89C5-4C6C-973E-E0FDFD7A0ACD}.Release|Any CPU.Build.0 = Release|Any CPU
		{DE035C55-EFD2-449C-8126-25704BCE9E8A}.Debug|Any CPU.ActiveCfg = Debug|Any CPU
		{DE035C55-EFD2-449C-8126-25704BCE9E8A}.Debug|Any CPU.Build.0 = Debug|Any CPU
		{DE035C55-EFD2-449C-8126-25704BCE9E8A}.Release|Any CPU.ActiveCfg = Release|Any CPU
		{DE035C55-EFD2-449C-8126-25704BCE9E8A}.Release|Any CPU.Build.0 = Release|Any CPU
		{2A259E3F-EDE6-47F7-8963-6F46C0E5A6BA}.Debug|Any CPU.ActiveCfg = Debug|Any CPU
		{2A259E3F-EDE6-47F7-8963-6F46C0E5A6BA}.Debug|Any CPU.Build.0 = Debug|Any CPU
		{2A259E3F-EDE6-47F7-8963-6F46C0E5A6BA}.Release|Any CPU.ActiveCfg = Release|Any CPU
		{2A259E3F-EDE6-47F7-8963-6F46C0E5A6BA}.Release|Any CPU.Build.0 = Release|Any CPU
		{19CCFEA8-77FD-4F61-BF52-4812FCD9B142}.Debug|Any CPU.ActiveCfg = Debug|Any CPU
		{19CCFEA8-77FD-4F61-BF52-4812FCD9B142}.Debug|Any CPU.Build.0 = Debug|Any CPU
		{19CCFEA8-77FD-4F61-BF52-4812FCD9B142}.Release|Any CPU.ActiveCfg = Release|Any CPU
		{19CCFEA8-77FD-4F61-BF52-4812FCD9B142}.Release|Any CPU.Build.0 = Release|Any CPU
		{47262100-140B-4424-A6EA-887427FD6F55}.Debug|Any CPU.ActiveCfg = Debug|Any CPU
		{47262100-140B-4424-A6EA-887427FD6F55}.Debug|Any CPU.Build.0 = Debug|Any CPU
		{47262100-140B-4424-A6EA-887427FD6F55}.Release|Any CPU.ActiveCfg = Release|Any CPU
		{47262100-140B-4424-A6EA-887427FD6F55}.Release|Any CPU.Build.0 = Release|Any CPU
		{228F6DA8-B590-469B-91F8-800154DA1D7C}.Debug|Any CPU.ActiveCfg = Debug|Any CPU
		{228F6DA8-B590-469B-91F8-800154DA1D7C}.Debug|Any CPU.Build.0 = Debug|Any CPU
		{228F6DA8-B590-469B-91F8-800154DA1D7C}.Release|Any CPU.ActiveCfg = Release|Any CPU
		{228F6DA8-B590-469B-91F8-800154DA1D7C}.Release|Any CPU.Build.0 = Release|Any CPU
		{91464FE3-2AA6-4B6B-965D-C4F67B207C6C}.Debug|Any CPU.ActiveCfg = Debug|Any CPU
		{91464FE3-2AA6-4B6B-965D-C4F67B207C6C}.Debug|Any CPU.Build.0 = Debug|Any CPU
		{91464FE3-2AA6-4B6B-965D-C4F67B207C6C}.Release|Any CPU.ActiveCfg = Release|Any CPU
		{91464FE3-2AA6-4B6B-965D-C4F67B207C6C}.Release|Any CPU.Build.0 = Release|Any CPU
		{FB79B7F1-299B-4D00-BDE7-10A6BFE1D3F3}.Debug|Any CPU.ActiveCfg = Debug|Any CPU
		{FB79B7F1-299B-4D00-BDE7-10A6BFE1D3F3}.Debug|Any CPU.Build.0 = Debug|Any CPU
		{FB79B7F1-299B-4D00-BDE7-10A6BFE1D3F3}.Release|Any CPU.ActiveCfg = Release|Any CPU
		{FB79B7F1-299B-4D00-BDE7-10A6BFE1D3F3}.Release|Any CPU.Build.0 = Release|Any CPU
		{7B8C5A71-766D-4EE5-9001-C2555508B314}.Debug|Any CPU.ActiveCfg = Debug|Any CPU
		{7B8C5A71-766D-4EE5-9001-C2555508B314}.Debug|Any CPU.Build.0 = Debug|Any CPU
		{7B8C5A71-766D-4EE5-9001-C2555508B314}.Release|Any CPU.ActiveCfg = Release|Any CPU
		{7B8C5A71-766D-4EE5-9001-C2555508B314}.Release|Any CPU.Build.0 = Release|Any CPU
		{FDD68718-9B3A-4B41-9C07-FA5C5FC841E1}.Debug|Any CPU.ActiveCfg = Debug|Any CPU
		{FDD68718-9B3A-4B41-9C07-FA5C5FC841E1}.Debug|Any CPU.Build.0 = Debug|Any CPU
		{FDD68718-9B3A-4B41-9C07-FA5C5FC841E1}.Release|Any CPU.ActiveCfg = Release|Any CPU
		{FDD68718-9B3A-4B41-9C07-FA5C5FC841E1}.Release|Any CPU.Build.0 = Release|Any CPU
		{B83CBC6F-7632-43F8-BE5E-2F2E8F9E6A58}.Debug|Any CPU.ActiveCfg = Debug|Any CPU
		{B83CBC6F-7632-43F8-BE5E-2F2E8F9E6A58}.Debug|Any CPU.Build.0 = Debug|Any CPU
		{B83CBC6F-7632-43F8-BE5E-2F2E8F9E6A58}.Release|Any CPU.ActiveCfg = Release|Any CPU
		{B83CBC6F-7632-43F8-BE5E-2F2E8F9E6A58}.Release|Any CPU.Build.0 = Release|Any CPU
		{55258B53-3785-4BCA-B960-D4E8CB611627}.Debug|Any CPU.ActiveCfg = Debug|Any CPU
		{55258B53-3785-4BCA-B960-D4E8CB611627}.Debug|Any CPU.Build.0 = Debug|Any CPU
		{55258B53-3785-4BCA-B960-D4E8CB611627}.Release|Any CPU.ActiveCfg = Release|Any CPU
		{55258B53-3785-4BCA-B960-D4E8CB611627}.Release|Any CPU.Build.0 = Release|Any CPU
		{4C2DE279-49C0-4AFC-B470-203BF01970BA}.Debug|Any CPU.ActiveCfg = Debug|Any CPU
		{4C2DE279-49C0-4AFC-B470-203BF01970BA}.Debug|Any CPU.Build.0 = Debug|Any CPU
		{4C2DE279-49C0-4AFC-B470-203BF01970BA}.Release|Any CPU.ActiveCfg = Release|Any CPU
		{4C2DE279-49C0-4AFC-B470-203BF01970BA}.Release|Any CPU.Build.0 = Release|Any CPU
		{C22FACC8-B7AD-44CB-AC01-5920D402F29F}.Debug|Any CPU.ActiveCfg = Debug|Any CPU
		{C22FACC8-B7AD-44CB-AC01-5920D402F29F}.Debug|Any CPU.Build.0 = Debug|Any CPU
		{C22FACC8-B7AD-44CB-AC01-5920D402F29F}.Release|Any CPU.ActiveCfg = Release|Any CPU
		{C22FACC8-B7AD-44CB-AC01-5920D402F29F}.Release|Any CPU.Build.0 = Release|Any CPU
		{502EBF80-8EEE-4480-93E9-08A050F57D90}.Debug|Any CPU.ActiveCfg = Debug|Any CPU
		{502EBF80-8EEE-4480-93E9-08A050F57D90}.Debug|Any CPU.Build.0 = Debug|Any CPU
		{502EBF80-8EEE-4480-93E9-08A050F57D90}.Release|Any CPU.ActiveCfg = Release|Any CPU
		{502EBF80-8EEE-4480-93E9-08A050F57D90}.Release|Any CPU.Build.0 = Release|Any CPU
		{9FA15124-EBF9-4E7B-AF49-C4F2B26165B4}.Debug|Any CPU.ActiveCfg = Debug|Any CPU
		{9FA15124-EBF9-4E7B-AF49-C4F2B26165B4}.Debug|Any CPU.Build.0 = Debug|Any CPU
		{9FA15124-EBF9-4E7B-AF49-C4F2B26165B4}.Release|Any CPU.ActiveCfg = Release|Any CPU
		{9FA15124-EBF9-4E7B-AF49-C4F2B26165B4}.Release|Any CPU.Build.0 = Release|Any CPU
		{ED86DD1B-1437-45E4-8F8C-364F41A21A2F}.Debug|Any CPU.ActiveCfg = Debug|Any CPU
		{ED86DD1B-1437-45E4-8F8C-364F41A21A2F}.Debug|Any CPU.Build.0 = Debug|Any CPU
		{ED86DD1B-1437-45E4-8F8C-364F41A21A2F}.Release|Any CPU.ActiveCfg = Release|Any CPU
		{ED86DD1B-1437-45E4-8F8C-364F41A21A2F}.Release|Any CPU.Build.0 = Release|Any CPU
		{FBEDE07E-2CAA-40DC-99F0-CD4D3585262C}.Debug|Any CPU.ActiveCfg = Debug|Any CPU
		{FBEDE07E-2CAA-40DC-99F0-CD4D3585262C}.Debug|Any CPU.Build.0 = Debug|Any CPU
		{FBEDE07E-2CAA-40DC-99F0-CD4D3585262C}.Release|Any CPU.ActiveCfg = Release|Any CPU
		{FBEDE07E-2CAA-40DC-99F0-CD4D3585262C}.Release|Any CPU.Build.0 = Release|Any CPU
		{A64C966D-FD4B-4951-BFF5-E774E9A1430E}.Debug|Any CPU.ActiveCfg = Debug|Any CPU
		{A64C966D-FD4B-4951-BFF5-E774E9A1430E}.Debug|Any CPU.Build.0 = Debug|Any CPU
		{A64C966D-FD4B-4951-BFF5-E774E9A1430E}.Release|Any CPU.ActiveCfg = Release|Any CPU
		{A64C966D-FD4B-4951-BFF5-E774E9A1430E}.Release|Any CPU.Build.0 = Release|Any CPU
		{41042A79-3ACC-4B59-B117-331F04CCBA31}.Debug|Any CPU.ActiveCfg = Debug|Any CPU
		{41042A79-3ACC-4B59-B117-331F04CCBA31}.Debug|Any CPU.Build.0 = Debug|Any CPU
		{41042A79-3ACC-4B59-B117-331F04CCBA31}.Release|Any CPU.ActiveCfg = Release|Any CPU
		{41042A79-3ACC-4B59-B117-331F04CCBA31}.Release|Any CPU.Build.0 = Release|Any CPU
		{903A1548-8200-461D-AFD7-88BC0E4B0592}.Debug|Any CPU.ActiveCfg = Debug|Any CPU
		{903A1548-8200-461D-AFD7-88BC0E4B0592}.Debug|Any CPU.Build.0 = Debug|Any CPU
		{903A1548-8200-461D-AFD7-88BC0E4B0592}.Release|Any CPU.ActiveCfg = Release|Any CPU
		{903A1548-8200-461D-AFD7-88BC0E4B0592}.Release|Any CPU.Build.0 = Release|Any CPU
		{D6313918-9E44-4387-96E5-1867D6CEBB93}.Debug|Any CPU.ActiveCfg = Debug|Any CPU
		{D6313918-9E44-4387-96E5-1867D6CEBB93}.Debug|Any CPU.Build.0 = Debug|Any CPU
		{D6313918-9E44-4387-96E5-1867D6CEBB93}.Release|Any CPU.ActiveCfg = Release|Any CPU
		{D6313918-9E44-4387-96E5-1867D6CEBB93}.Release|Any CPU.Build.0 = Release|Any CPU
		{9F1F02A7-8FCC-4AB8-BF73-96BDEB04F24C}.Debug|Any CPU.ActiveCfg = Debug|Any CPU
		{9F1F02A7-8FCC-4AB8-BF73-96BDEB04F24C}.Debug|Any CPU.Build.0 = Debug|Any CPU
		{9F1F02A7-8FCC-4AB8-BF73-96BDEB04F24C}.Release|Any CPU.ActiveCfg = Release|Any CPU
		{9F1F02A7-8FCC-4AB8-BF73-96BDEB04F24C}.Release|Any CPU.Build.0 = Release|Any CPU
		{7A1E069D-1437-4149-9488-0E78919CF0BA}.Debug|Any CPU.ActiveCfg = Debug|Any CPU
		{7A1E069D-1437-4149-9488-0E78919CF0BA}.Debug|Any CPU.Build.0 = Debug|Any CPU
		{7A1E069D-1437-4149-9488-0E78919CF0BA}.Release|Any CPU.ActiveCfg = Release|Any CPU
		{7A1E069D-1437-4149-9488-0E78919CF0BA}.Release|Any CPU.Build.0 = Release|Any CPU
		{2B89E586-FDAA-4DC5-861C-C7F3F763DD62}.Debug|Any CPU.ActiveCfg = Debug|Any CPU
		{2B89E586-FDAA-4DC5-861C-C7F3F763DD62}.Debug|Any CPU.Build.0 = Debug|Any CPU
		{2B89E586-FDAA-4DC5-861C-C7F3F763DD62}.Release|Any CPU.ActiveCfg = Release|Any CPU
		{2B89E586-FDAA-4DC5-861C-C7F3F763DD62}.Release|Any CPU.Build.0 = Release|Any CPU
		{F06733C5-2CF7-4A3C-98AB-C1B7E4CDEA4E}.Debug|Any CPU.ActiveCfg = Debug|Any CPU
		{F06733C5-2CF7-4A3C-98AB-C1B7E4CDEA4E}.Debug|Any CPU.Build.0 = Debug|Any CPU
		{F06733C5-2CF7-4A3C-98AB-C1B7E4CDEA4E}.Release|Any CPU.ActiveCfg = Release|Any CPU
		{F06733C5-2CF7-4A3C-98AB-C1B7E4CDEA4E}.Release|Any CPU.Build.0 = Release|Any CPU
		{5D23539C-D38A-4422-AFBE-AB5C78F09873}.Debug|Any CPU.ActiveCfg = Debug|Any CPU
		{5D23539C-D38A-4422-AFBE-AB5C78F09873}.Debug|Any CPU.Build.0 = Debug|Any CPU
		{5D23539C-D38A-4422-AFBE-AB5C78F09873}.Release|Any CPU.ActiveCfg = Release|Any CPU
		{5D23539C-D38A-4422-AFBE-AB5C78F09873}.Release|Any CPU.Build.0 = Release|Any CPU
		{E1E13B5D-706D-4757-9234-798F2B038CE5}.Debug|Any CPU.ActiveCfg = Debug|Any CPU
		{E1E13B5D-706D-4757-9234-798F2B038CE5}.Debug|Any CPU.Build.0 = Debug|Any CPU
		{E1E13B5D-706D-4757-9234-798F2B038CE5}.Release|Any CPU.ActiveCfg = Release|Any CPU
		{E1E13B5D-706D-4757-9234-798F2B038CE5}.Release|Any CPU.Build.0 = Release|Any CPU
		{F867F958-8005-4A4B-8E8D-5B4CD444B423}.Debug|Any CPU.ActiveCfg = Debug|Any CPU
		{F867F958-8005-4A4B-8E8D-5B4CD444B423}.Debug|Any CPU.Build.0 = Debug|Any CPU
		{F867F958-8005-4A4B-8E8D-5B4CD444B423}.Release|Any CPU.ActiveCfg = Release|Any CPU
		{F867F958-8005-4A4B-8E8D-5B4CD444B423}.Release|Any CPU.Build.0 = Release|Any CPU
		{CB738C58-09A5-4DF9-85E8-0368610D5C21}.Debug|Any CPU.ActiveCfg = Debug|Any CPU
		{CB738C58-09A5-4DF9-85E8-0368610D5C21}.Debug|Any CPU.Build.0 = Debug|Any CPU
		{CB738C58-09A5-4DF9-85E8-0368610D5C21}.Release|Any CPU.ActiveCfg = Release|Any CPU
		{CB738C58-09A5-4DF9-85E8-0368610D5C21}.Release|Any CPU.Build.0 = Release|Any CPU
		{5CC78AA9-CE7B-4749-9807-8A6A4F1E3256}.Debug|Any CPU.ActiveCfg = Debug|Any CPU
		{5CC78AA9-CE7B-4749-9807-8A6A4F1E3256}.Debug|Any CPU.Build.0 = Debug|Any CPU
		{5CC78AA9-CE7B-4749-9807-8A6A4F1E3256}.Release|Any CPU.ActiveCfg = Release|Any CPU
		{5CC78AA9-CE7B-4749-9807-8A6A4F1E3256}.Release|Any CPU.Build.0 = Release|Any CPU
		{97983EDF-6409-492F-8D3C-1CAC6AE6A654}.Debug|Any CPU.ActiveCfg = Debug|Any CPU
		{97983EDF-6409-492F-8D3C-1CAC6AE6A654}.Debug|Any CPU.Build.0 = Debug|Any CPU
		{97983EDF-6409-492F-8D3C-1CAC6AE6A654}.Release|Any CPU.ActiveCfg = Release|Any CPU
		{97983EDF-6409-492F-8D3C-1CAC6AE6A654}.Release|Any CPU.Build.0 = Release|Any CPU
		{45EE901D-F2D2-434E-92E4-2D141EBE6E29}.Debug|Any CPU.ActiveCfg = Debug|Any CPU
		{45EE901D-F2D2-434E-92E4-2D141EBE6E29}.Debug|Any CPU.Build.0 = Debug|Any CPU
		{45EE901D-F2D2-434E-92E4-2D141EBE6E29}.Release|Any CPU.ActiveCfg = Release|Any CPU
		{45EE901D-F2D2-434E-92E4-2D141EBE6E29}.Release|Any CPU.Build.0 = Release|Any CPU
		{50D701E6-DD20-40E9-AB67-26F1F58248CE}.Debug|Any CPU.ActiveCfg = Debug|Any CPU
		{50D701E6-DD20-40E9-AB67-26F1F58248CE}.Debug|Any CPU.Build.0 = Debug|Any CPU
		{50D701E6-DD20-40E9-AB67-26F1F58248CE}.Release|Any CPU.ActiveCfg = Release|Any CPU
		{50D701E6-DD20-40E9-AB67-26F1F58248CE}.Release|Any CPU.Build.0 = Release|Any CPU
		{E840DC7D-62E1-4E07-8183-91C3D6AC4C82}.Debug|Any CPU.ActiveCfg = Debug|Any CPU
		{E840DC7D-62E1-4E07-8183-91C3D6AC4C82}.Debug|Any CPU.Build.0 = Debug|Any CPU
		{E840DC7D-62E1-4E07-8183-91C3D6AC4C82}.Release|Any CPU.ActiveCfg = Release|Any CPU
		{E840DC7D-62E1-4E07-8183-91C3D6AC4C82}.Release|Any CPU.Build.0 = Release|Any CPU
		{A7A02DE8-E486-4240-9FAB-D968B31B7BB3}.Debug|Any CPU.ActiveCfg = Debug|Any CPU
		{A7A02DE8-E486-4240-9FAB-D968B31B7BB3}.Debug|Any CPU.Build.0 = Debug|Any CPU
		{A7A02DE8-E486-4240-9FAB-D968B31B7BB3}.Release|Any CPU.ActiveCfg = Release|Any CPU
		{A7A02DE8-E486-4240-9FAB-D968B31B7BB3}.Release|Any CPU.Build.0 = Release|Any CPU
		{68C77B55-4684-433A-AAE7-F821541AF618}.Debug|Any CPU.ActiveCfg = Debug|Any CPU
		{68C77B55-4684-433A-AAE7-F821541AF618}.Debug|Any CPU.Build.0 = Debug|Any CPU
		{68C77B55-4684-433A-AAE7-F821541AF618}.Release|Any CPU.ActiveCfg = Release|Any CPU
		{68C77B55-4684-433A-AAE7-F821541AF618}.Release|Any CPU.Build.0 = Release|Any CPU
	EndGlobalSection
	GlobalSection(SolutionProperties) = preSolution
		HideSolutionNode = FALSE
	EndGlobalSection
	GlobalSection(ExtensibilityGlobals) = postSolution
		SolutionGuid = {057E1D06-FB45-418C-B6E0-688E44C8917A}
	EndGlobalSection
EndGlobal
